// !$*UTF8*$!
{
	archiveVersion = 1;
	classes = {
	};
	objectVersion = 46;
	objects = {

/* Begin PBXBuildFile section */
		D3468B6116E2061000FD4859 /* ProfileDetail@2x.png in Resources */ = {isa = PBXBuildFile; fileRef = D3468B5D16E2061000FD4859 /* ProfileDetail@2x.png */; };
		D3468B6216E2061000FD4859 /* ProfileDetail_568.png in Resources */ = {isa = PBXBuildFile; fileRef = D3468B5E16E2061000FD4859 /* ProfileDetail_568.png */; };
		D3468B6316E2061000FD4859 /* ProfileDetail_568@2x.png in Resources */ = {isa = PBXBuildFile; fileRef = D3468B5F16E2061000FD4859 /* ProfileDetail_568@2x.png */; };
		D3468B6416E2061000FD4859 /* ProfileDetail.png in Resources */ = {isa = PBXBuildFile; fileRef = D3468B6016E2061000FD4859 /* ProfileDetail.png */; };
		D3468B6B16E20AFF00FD4859 /* Profile.png in Resources */ = {isa = PBXBuildFile; fileRef = D3468B6916E20AFF00FD4859 /* Profile.png */; };
		D3468B6C16E20AFF00FD4859 /* Profile@2x.png in Resources */ = {isa = PBXBuildFile; fileRef = D3468B6A16E20AFF00FD4859 /* Profile@2x.png */; };
		D3468B6F16E20B2A00FD4859 /* Friends.png in Resources */ = {isa = PBXBuildFile; fileRef = D3468B6D16E20B2A00FD4859 /* Friends.png */; };
		D3468B7016E20B2A00FD4859 /* Friends@2x.png in Resources */ = {isa = PBXBuildFile; fileRef = D3468B6E16E20B2A00FD4859 /* Friends@2x.png */; };
		D3468B7316E20C6500FD4859 /* star.png in Resources */ = {isa = PBXBuildFile; fileRef = D3468B7116E20C6500FD4859 /* star.png */; };
		D3468B7416E20C6500FD4859 /* star@2x.png in Resources */ = {isa = PBXBuildFile; fileRef = D3468B7216E20C6500FD4859 /* star@2x.png */; };
		D3468B7716E20CAA00FD4859 /* Info.png in Resources */ = {isa = PBXBuildFile; fileRef = D3468B7516E20CAA00FD4859 /* Info.png */; };
		D3468B7816E20CAA00FD4859 /* Info@2x.png in Resources */ = {isa = PBXBuildFile; fileRef = D3468B7616E20CAA00FD4859 /* Info@2x.png */; };
		D3468B7B16E20EAA00FD4859 /* logOutBtn.png in Resources */ = {isa = PBXBuildFile; fileRef = D3468B7916E20EAA00FD4859 /* logOutBtn.png */; };
		D3468B7C16E20EAA00FD4859 /* logOutBtn@2x.png in Resources */ = {isa = PBXBuildFile; fileRef = D3468B7A16E20EAA00FD4859 /* logOutBtn@2x.png */; };
		D3468B7F16E2148F00FD4859 /* lines.png in Resources */ = {isa = PBXBuildFile; fileRef = D3468B7D16E2148F00FD4859 /* lines.png */; };
		D3468B8016E2148F00FD4859 /* lines@2x.png in Resources */ = {isa = PBXBuildFile; fileRef = D3468B7E16E2148F00FD4859 /* lines@2x.png */; };
		D3468B8B16E2583C00FD4859 /* sent.png in Resources */ = {isa = PBXBuildFile; fileRef = D3468B8716E2583C00FD4859 /* sent.png */; };
		D3468B8C16E2583C00FD4859 /* sent@2x.png in Resources */ = {isa = PBXBuildFile; fileRef = D3468B8816E2583C00FD4859 /* sent@2x.png */; };
		D3468B9116E258E600FD4859 /* RibbonGreeen.png in Resources */ = {isa = PBXBuildFile; fileRef = D3468B8D16E258E600FD4859 /* RibbonGreeen.png */; };
		D3468B9216E258E600FD4859 /* RibbonGreeen@2x.png in Resources */ = {isa = PBXBuildFile; fileRef = D3468B8E16E258E600FD4859 /* RibbonGreeen@2x.png */; };
		D3468B9316E258E600FD4859 /* RibbonRed.png in Resources */ = {isa = PBXBuildFile; fileRef = D3468B8F16E258E600FD4859 /* RibbonRed.png */; };
		D3468B9416E258E600FD4859 /* RibbonRed@2x.png in Resources */ = {isa = PBXBuildFile; fileRef = D3468B9016E258E600FD4859 /* RibbonRed@2x.png */; };
		D3468B9716E25A8100FD4859 /* Savebtn.png in Resources */ = {isa = PBXBuildFile; fileRef = D3468B9516E25A8100FD4859 /* Savebtn.png */; };
		D3468B9816E25A8100FD4859 /* Savebtn@2x.png in Resources */ = {isa = PBXBuildFile; fileRef = D3468B9616E25A8100FD4859 /* Savebtn@2x.png */; };
		D3468B9B16E2615200FD4859 /* SendBtn.png in Resources */ = {isa = PBXBuildFile; fileRef = D3468B9916E2615200FD4859 /* SendBtn.png */; };
		D3468B9C16E2615200FD4859 /* SendBtn@2x.png in Resources */ = {isa = PBXBuildFile; fileRef = D3468B9A16E2615200FD4859 /* SendBtn@2x.png */; };
		D356BF8B16D234490051D529 /* BundleWrapper.m in Sources */ = {isa = PBXBuildFile; fileRef = D356BF8A16D234490051D529 /* BundleWrapper.m */; };
		D356BF9216D28C740051D529 /* TapkuLibrary.bundle in Resources */ = {isa = PBXBuildFile; fileRef = D356BF8E16D28C740051D529 /* TapkuLibrary.bundle */; };
		D356BF9B16D28D990051D529 /* libTapkuLibrary.a in Frameworks */ = {isa = PBXBuildFile; fileRef = D356BF9616D28C750051D529 /* libTapkuLibrary.a */; };
		D356BF9D16D28DAC0051D529 /* MapKit.framework in Frameworks */ = {isa = PBXBuildFile; fileRef = D356BF9C16D28DAC0051D529 /* MapKit.framework */; };
		D356BF9F16D28DB20051D529 /* QuartzCore.framework in Frameworks */ = {isa = PBXBuildFile; fileRef = D356BF9E16D28DB20051D529 /* QuartzCore.framework */; };
		D356BFA716D2CF780051D529 /* EditDetailViewController.m in Sources */ = {isa = PBXBuildFile; fileRef = D356BFA616D2CF780051D529 /* EditDetailViewController.m */; };
		D356BFAE16D2D6130051D529 /* EditDetail_568.jpg in Resources */ = {isa = PBXBuildFile; fileRef = D356BFAC16D2D6130051D529 /* EditDetail_568.jpg */; };
		D356BFAF16D2D6130051D529 /* EditDetail_568@2x.jpg in Resources */ = {isa = PBXBuildFile; fileRef = D356BFAD16D2D6130051D529 /* EditDetail_568@2x.jpg */; };
		D356BFB616D2F1630051D529 /* AddressBook.framework in Frameworks */ = {isa = PBXBuildFile; fileRef = D356BFB516D2F1630051D529 /* AddressBook.framework */; };
		D356BFB816D2F16B0051D529 /* AddressBookUI.framework in Frameworks */ = {isa = PBXBuildFile; fileRef = D356BFB716D2F16A0051D529 /* AddressBookUI.framework */; };
		D36F667516D17C110018C072 /* Tutorial0_568.jpg in Resources */ = {isa = PBXBuildFile; fileRef = D36F667316D17C110018C072 /* Tutorial0_568.jpg */; };
		D36F667616D17C110018C072 /* Tutorial0_568@2x.jpg in Resources */ = {isa = PBXBuildFile; fileRef = D36F667416D17C110018C072 /* Tutorial0_568@2x.jpg */; };
		D36F667E16D17EAC0018C072 /* history_button.jpg in Resources */ = {isa = PBXBuildFile; fileRef = D36F667C16D17EAC0018C072 /* history_button.jpg */; };
		D36F667F16D17EAC0018C072 /* history_button@2x.jpg in Resources */ = {isa = PBXBuildFile; fileRef = D36F667D16D17EAC0018C072 /* history_button@2x.jpg */; };
		D36F668216D180810018C072 /* profile.jpg in Resources */ = {isa = PBXBuildFile; fileRef = D36F668016D180810018C072 /* profile.jpg */; };
		D36F668316D180810018C072 /* profile@2x.jpg in Resources */ = {isa = PBXBuildFile; fileRef = D36F668116D180810018C072 /* profile@2x.jpg */; };
		D36F669516D1941D0018C072 /* icon.png in Resources */ = {isa = PBXBuildFile; fileRef = D36F669416D1941C0018C072 /* icon.png */; };
		D36F669716D194200018C072 /* icon@2x.png in Resources */ = {isa = PBXBuildFile; fileRef = D36F669616D194200018C072 /* icon@2x.png */; };
		D376877A16D4CFF000D988F6 /* TrackDetail.m in Sources */ = {isa = PBXBuildFile; fileRef = D376877916D4CFF000D988F6 /* TrackDetail.m */; };
		D376877D16D4D8F400D988F6 /* MapRouteLayer.m in Sources */ = {isa = PBXBuildFile; fileRef = D376877C16D4D8F400D988F6 /* MapRouteLayer.m */; };
		D39FD37616D8FA2500C9DAAC /* Social.framework in Frameworks */ = {isa = PBXBuildFile; fileRef = D39FD37516D8FA2500C9DAAC /* Social.framework */; };
		D39FD37816D8FA2C00C9DAAC /* Accounts.framework in Frameworks */ = {isa = PBXBuildFile; fileRef = D39FD37716D8FA2C00C9DAAC /* Accounts.framework */; };
		D39FD37B16D9016000C9DAAC /* TutorialSynchTime_568.png in Resources */ = {isa = PBXBuildFile; fileRef = D39FD37916D9016000C9DAAC /* TutorialSynchTime_568.png */; };
		D39FD37F16D9019E00C9DAAC /* TutorialSynchTime.png in Resources */ = {isa = PBXBuildFile; fileRef = D39FD37D16D9019E00C9DAAC /* TutorialSynchTime.png */; };
		D39FD38216D903E900C9DAAC /* TutorialSynchTime@2x.png in Resources */ = {isa = PBXBuildFile; fileRef = D39FD38116D903E900C9DAAC /* TutorialSynchTime@2x.png */; };
		D39FD38416D903F800C9DAAC /* TutorialSynchTime_568@2x.png in Resources */ = {isa = PBXBuildFile; fileRef = D39FD38316D903F800C9DAAC /* TutorialSynchTime_568@2x.png */; };
		D39FD38716D904E000C9DAAC /* Tutorial6.png in Resources */ = {isa = PBXBuildFile; fileRef = D39FD38516D904E000C9DAAC /* Tutorial6.png */; };
		D39FD38816D904E000C9DAAC /* Tutorial6@2x.png in Resources */ = {isa = PBXBuildFile; fileRef = D39FD38616D904E000C9DAAC /* Tutorial6@2x.png */; };
		D39FD38B16D904E900C9DAAC /* Tutorial6_568.png in Resources */ = {isa = PBXBuildFile; fileRef = D39FD38916D904E900C9DAAC /* Tutorial6_568.png */; };
		D39FD38C16D904E900C9DAAC /* Tutorial6_568@2x.png in Resources */ = {isa = PBXBuildFile; fileRef = D39FD38A16D904E900C9DAAC /* Tutorial6_568@2x.png */; };
		D39FD39716D92E2D00C9DAAC /* Tutorial1_568.jpg in Resources */ = {isa = PBXBuildFile; fileRef = D39FD39516D92E2D00C9DAAC /* Tutorial1_568.jpg */; };
		D39FD39816D92E2D00C9DAAC /* Tutorial1_568@2x.jpg in Resources */ = {isa = PBXBuildFile; fileRef = D39FD39616D92E2D00C9DAAC /* Tutorial1_568@2x.jpg */; };
		D39FD39B16D92F7200C9DAAC /* Tutorial0.png in Resources */ = {isa = PBXBuildFile; fileRef = D39FD39916D92F6900C9DAAC /* Tutorial0.png */; };
		D39FD39C16D92F7200C9DAAC /* Tutorial0@2x.png in Resources */ = {isa = PBXBuildFile; fileRef = D39FD39A16D92F6B00C9DAAC /* Tutorial0@2x.png */; };
		D39FD39F16D9309E00C9DAAC /* Tutorial4.png in Resources */ = {isa = PBXBuildFile; fileRef = D39FD39D16D9309D00C9DAAC /* Tutorial4.png */; };
		D39FD3A016D9309E00C9DAAC /* Tutorial4@2x.png in Resources */ = {isa = PBXBuildFile; fileRef = D39FD39E16D9309D00C9DAAC /* Tutorial4@2x.png */; };
		D39FD3A416D9346A00C9DAAC /* btnStart.png in Resources */ = {isa = PBXBuildFile; fileRef = D39FD3A316D9346A00C9DAAC /* btnStart.png */; };
		D3C0D9E816D78CE20095BAB5 /* MapstartBtn.png in Resources */ = {isa = PBXBuildFile; fileRef = D3C0D9E416D78CE20095BAB5 /* MapstartBtn.png */; };
		D3C0D9E916D78CE20095BAB5 /* MapstartBtn@2x.png in Resources */ = {isa = PBXBuildFile; fileRef = D3C0D9E516D78CE20095BAB5 /* MapstartBtn@2x.png */; };
		D3C0D9EA16D78CE20095BAB5 /* MapStopBtn.png in Resources */ = {isa = PBXBuildFile; fileRef = D3C0D9E616D78CE20095BAB5 /* MapStopBtn.png */; };
		D3C0D9EB16D78CE20095BAB5 /* MapStopBtn@2x.png in Resources */ = {isa = PBXBuildFile; fileRef = D3C0D9E716D78CE20095BAB5 /* MapStopBtn@2x.png */; };
		D3C0D9F016D7CC410095BAB5 /* ConnectionHandler.m in Sources */ = {isa = PBXBuildFile; fileRef = D3C0D9EF16D7CC410095BAB5 /* ConnectionHandler.m */; };
		D3C1C45716D41820004CA283 /* history.jpg in Resources */ = {isa = PBXBuildFile; fileRef = D3C1C45516D41820004CA283 /* history.jpg */; };
		D3C1C45816D41820004CA283 /* history@2x.jpg in Resources */ = {isa = PBXBuildFile; fileRef = D3C1C45616D41820004CA283 /* history@2x.jpg */; };
		D3C1C46016D4211B004CA283 /* ProfileViewController.m in Sources */ = {isa = PBXBuildFile; fileRef = D3C1C45F16D4211B004CA283 /* ProfileViewController.m */; };
		D3C1C46716D430B9004CA283 /* backgroundLoader.png in Resources */ = {isa = PBXBuildFile; fileRef = D3C1C46516D430B8004CA283 /* backgroundLoader.png */; };
		D3C1C46816D430B9004CA283 /* backgroundLoader@2x.png in Resources */ = {isa = PBXBuildFile; fileRef = D3C1C46616D430B9004CA283 /* backgroundLoader@2x.png */; };
		D3C1C46B16D435C6004CA283 /* pauseButton.png in Resources */ = {isa = PBXBuildFile; fileRef = D3C1C46916D435C5004CA283 /* pauseButton.png */; };
		D3C1C46C16D435C6004CA283 /* pauseButton@2x.png in Resources */ = {isa = PBXBuildFile; fileRef = D3C1C46A16D435C5004CA283 /* pauseButton@2x.png */; };
		D3C1C46F16D435F7004CA283 /* play.png in Resources */ = {isa = PBXBuildFile; fileRef = D3C1C46D16D435F7004CA283 /* play.png */; };
		D3C1C47016D435F7004CA283 /* play@2x.png in Resources */ = {isa = PBXBuildFile; fileRef = D3C1C46E16D435F7004CA283 /* play@2x.png */; };
		D3CA4A9416CFA74200BE154A /* LoginController.m in Sources */ = {isa = PBXBuildFile; fileRef = D3CA4A9316CFA74200BE154A /* LoginController.m */; };
		D3CA4AAF16CFB34600BE154A /* NSObject+SBJson.m in Sources */ = {isa = PBXBuildFile; fileRef = D3CA4A9716CFB34500BE154A /* NSObject+SBJson.m */; };
		D3CA4AB016CFB34600BE154A /* SBJsonParser.m in Sources */ = {isa = PBXBuildFile; fileRef = D3CA4A9A16CFB34500BE154A /* SBJsonParser.m */; };
		D3CA4AB116CFB34600BE154A /* SBJsonStreamParser.m in Sources */ = {isa = PBXBuildFile; fileRef = D3CA4A9C16CFB34500BE154A /* SBJsonStreamParser.m */; };
		D3CA4AB216CFB34600BE154A /* SBJsonStreamParserAccumulator.m in Sources */ = {isa = PBXBuildFile; fileRef = D3CA4A9E16CFB34500BE154A /* SBJsonStreamParserAccumulator.m */; };
		D3CA4AB316CFB34600BE154A /* SBJsonStreamParserAdapter.m in Sources */ = {isa = PBXBuildFile; fileRef = D3CA4AA016CFB34500BE154A /* SBJsonStreamParserAdapter.m */; };
		D3CA4AB416CFB34600BE154A /* SBJsonStreamParserState.m in Sources */ = {isa = PBXBuildFile; fileRef = D3CA4AA216CFB34500BE154A /* SBJsonStreamParserState.m */; };
		D3CA4AB516CFB34600BE154A /* SBJsonStreamWriter.m in Sources */ = {isa = PBXBuildFile; fileRef = D3CA4AA416CFB34600BE154A /* SBJsonStreamWriter.m */; };
		D3CA4AB616CFB34600BE154A /* SBJsonStreamWriterAccumulator.m in Sources */ = {isa = PBXBuildFile; fileRef = D3CA4AA616CFB34600BE154A /* SBJsonStreamWriterAccumulator.m */; };
		D3CA4AB716CFB34600BE154A /* SBJsonStreamWriterState.m in Sources */ = {isa = PBXBuildFile; fileRef = D3CA4AA816CFB34600BE154A /* SBJsonStreamWriterState.m */; };
		D3CA4AB816CFB34600BE154A /* SBJsonTokeniser.m in Sources */ = {isa = PBXBuildFile; fileRef = D3CA4AAA16CFB34600BE154A /* SBJsonTokeniser.m */; };
		D3CA4AB916CFB34600BE154A /* SBJsonUTF8Stream.m in Sources */ = {isa = PBXBuildFile; fileRef = D3CA4AAC16CFB34600BE154A /* SBJsonUTF8Stream.m */; };
		D3CA4ABA16CFB34600BE154A /* SBJsonWriter.m in Sources */ = {isa = PBXBuildFile; fileRef = D3CA4AAE16CFB34600BE154A /* SBJsonWriter.m */; };
		D3CA4ABD16CFB3C700BE154A /* Login.m in Sources */ = {isa = PBXBuildFile; fileRef = D3CA4ABC16CFB3C700BE154A /* Login.m */; };
		D3CA4AC716CFD07200BE154A /* Tutorial2_568.jpg in Resources */ = {isa = PBXBuildFile; fileRef = D3CA4ABF16CFD07100BE154A /* Tutorial2_568.jpg */; };
		D3CA4AC816CFD07200BE154A /* Tutorial2_568@2x.jpg in Resources */ = {isa = PBXBuildFile; fileRef = D3CA4AC016CFD07100BE154A /* Tutorial2_568@2x.jpg */; };
		D3CA4AC916CFD07200BE154A /* Tutorial3_568.jpg in Resources */ = {isa = PBXBuildFile; fileRef = D3CA4AC116CFD07100BE154A /* Tutorial3_568.jpg */; };
		D3CA4ACA16CFD07200BE154A /* Tutorial3_568@2x.jpg in Resources */ = {isa = PBXBuildFile; fileRef = D3CA4AC216CFD07100BE154A /* Tutorial3_568@2x.jpg */; };
		D3CA4ACB16CFD07200BE154A /* Tutorial4_568.jpg in Resources */ = {isa = PBXBuildFile; fileRef = D3CA4AC316CFD07100BE154A /* Tutorial4_568.jpg */; };
		D3CA4ACD16CFD07200BE154A /* Tutorial4_568@2x.jpg in Resources */ = {isa = PBXBuildFile; fileRef = D3CA4AC516CFD07100BE154A /* Tutorial4_568@2x.jpg */; };
		D3CA4ADE16D0050E00BE154A /* geoPic.png in Resources */ = {isa = PBXBuildFile; fileRef = D3CA4ADC16D0050C00BE154A /* geoPic.png */; };
		D3CA4ADF16D0050E00BE154A /* geoPic@2x.png in Resources */ = {isa = PBXBuildFile; fileRef = D3CA4ADD16D0050D00BE154A /* geoPic@2x.png */; };
		D3CA4AEC16D00F8300BE154A /* Tutorial1@2x.jpg in Resources */ = {isa = PBXBuildFile; fileRef = D3CA4AEA16D00F8300BE154A /* Tutorial1@2x.jpg */; };
		D3CA4AED16D00F8300BE154A /* Tutorial1.jpg in Resources */ = {isa = PBXBuildFile; fileRef = D3CA4AEB16D00F8300BE154A /* Tutorial1.jpg */; };
		D3CA4AF016D00F9100BE154A /* Tutorial2.jpg in Resources */ = {isa = PBXBuildFile; fileRef = D3CA4AEE16D00F9100BE154A /* Tutorial2.jpg */; };
		D3CA4AF116D00F9100BE154A /* Tutorial2@2x.jpg in Resources */ = {isa = PBXBuildFile; fileRef = D3CA4AEF16D00F9100BE154A /* Tutorial2@2x.jpg */; };
		D3CA4AF416D00F9B00BE154A /* Tutorial3.jpg in Resources */ = {isa = PBXBuildFile; fileRef = D3CA4AF216D00F9B00BE154A /* Tutorial3.jpg */; };
		D3CA4AF516D00F9B00BE154A /* Tutorial3@2x.jpg in Resources */ = {isa = PBXBuildFile; fileRef = D3CA4AF316D00F9B00BE154A /* Tutorial3@2x.jpg */; };
		D3CA4AFE16D0141B00BE154A /* SplashOnlyImage_568.jpg in Resources */ = {isa = PBXBuildFile; fileRef = D3CA4AFA16D0141B00BE154A /* SplashOnlyImage_568.jpg */; };
		D3CA4AFF16D0141B00BE154A /* SplashOnlyImage_568@2x.jpg in Resources */ = {isa = PBXBuildFile; fileRef = D3CA4AFB16D0141B00BE154A /* SplashOnlyImage_568@2x.jpg */; };
		D3CA4B0016D0141B00BE154A /* SplashOnlyImage.jpg in Resources */ = {isa = PBXBuildFile; fileRef = D3CA4AFC16D0141B00BE154A /* SplashOnlyImage.jpg */; };
		D3CA4B0116D0141B00BE154A /* SplashOnlyImage@2x.jpg in Resources */ = {isa = PBXBuildFile; fileRef = D3CA4AFD16D0141B00BE154A /* SplashOnlyImage@2x.jpg */; };
		D3CA4B0416D0152300BE154A /* Tutorial5_568.jpg in Resources */ = {isa = PBXBuildFile; fileRef = D3CA4B0216D0152200BE154A /* Tutorial5_568.jpg */; };
		D3CA4B0516D0152300BE154A /* Tutorial5_568@2x.jpg in Resources */ = {isa = PBXBuildFile; fileRef = D3CA4B0316D0152300BE154A /* Tutorial5_568@2x.jpg */; };
		D3CA4B0816D0152A00BE154A /* Tutorial5.jpg in Resources */ = {isa = PBXBuildFile; fileRef = D3CA4B0616D0152A00BE154A /* Tutorial5.jpg */; };
		D3CA4B0916D0152A00BE154A /* Tutorial5@2x.jpg in Resources */ = {isa = PBXBuildFile; fileRef = D3CA4B0716D0152A00BE154A /* Tutorial5@2x.jpg */; };
		D3CA4B1616D02DB600BE154A /* Tracker.m in Sources */ = {isa = PBXBuildFile; fileRef = D3CA4B1516D02DB600BE154A /* Tracker.m */; };
		D3CA4B1816D02ED600BE154A /* CoreLocation.framework in Frameworks */ = {isa = PBXBuildFile; fileRef = D3CA4B1716D02ED600BE154A /* CoreLocation.framework */; };
		D3CA4B2416D036B600BE154A /* btnStart@2x.png in Resources */ = {isa = PBXBuildFile; fileRef = D3CA4B2216D036B600BE154A /* btnStart@2x.png */; };
		D3CA4B6516D04D3500BE154A /* DataWrapper.m in Sources */ = {isa = PBXBuildFile; fileRef = D3CA4B6416D04D3500BE154A /* DataWrapper.m */; };
		D3CA4B6716D0793000BE154A /* MessageUI.framework in Frameworks */ = {isa = PBXBuildFile; fileRef = D3CA4B6616D0792F00BE154A /* MessageUI.framework */; };
		D3CA4B6A16D0ED9400BE154A /* GpxManager.m in Sources */ = {isa = PBXBuildFile; fileRef = D3CA4B6916D0ED9400BE154A /* GpxManager.m */; };
		D3CA4B7016D0F01300BE154A /* XMLWriter.m in Sources */ = {isa = PBXBuildFile; fileRef = D3CA4B6F16D0F01300BE154A /* XMLWriter.m */; };
		D3CA4B7716D119DC00BE154A /* HistoryControllerViewController.m in Sources */ = {isa = PBXBuildFile; fileRef = D3CA4B7616D119DC00BE154A /* HistoryControllerViewController.m */; };
		D3CA4B7F16D1211500BE154A /* cell_back.png in Resources */ = {isa = PBXBuildFile; fileRef = D3CA4B7D16D1211500BE154A /* cell_back.png */; };
		D3CA4B8016D1211500BE154A /* cell_back@2x.png in Resources */ = {isa = PBXBuildFile; fileRef = D3CA4B7E16D1211500BE154A /* cell_back@2x.png */; };
		D3CA4B8316D127DB00BE154A /* history_568.png in Resources */ = {isa = PBXBuildFile; fileRef = D3CA4B8116D127DB00BE154A /* history_568.png */; };
		D3CA4B8416D127DB00BE154A /* history_568@2x.png in Resources */ = {isa = PBXBuildFile; fileRef = D3CA4B8216D127DB00BE154A /* history_568@2x.png */; };
		D3CA4B8B16D12C1C00BE154A /* backArrow.png in Resources */ = {isa = PBXBuildFile; fileRef = D3CA4B8916D12C1C00BE154A /* backArrow.png */; };
		D3CA4B8C16D12C1C00BE154A /* backArrow@2x.png in Resources */ = {isa = PBXBuildFile; fileRef = D3CA4B8A16D12C1C00BE154A /* backArrow@2x.png */; };
		D3CA4B9116D1428D00BE154A /* cross.png in Resources */ = {isa = PBXBuildFile; fileRef = D3CA4B8D16D1428C00BE154A /* cross.png */; };
		D3CA4B9216D1428D00BE154A /* cross@2x.png in Resources */ = {isa = PBXBuildFile; fileRef = D3CA4B8E16D1428C00BE154A /* cross@2x.png */; };
		D3CA4B9316D1428D00BE154A /* tick.png in Resources */ = {isa = PBXBuildFile; fileRef = D3CA4B8F16D1428D00BE154A /* tick.png */; };
		D3CA4B9416D1428D00BE154A /* tick@2x.png in Resources */ = {isa = PBXBuildFile; fileRef = D3CA4B9016D1428D00BE154A /* tick@2x.png */; };
		D3CA4BA316D151DB00BE154A /* Cell.png in Resources */ = {isa = PBXBuildFile; fileRef = D3CA4BA116D151DB00BE154A /* Cell.png */; };
		D3CA4BA416D151DB00BE154A /* Cell@2x.png in Resources */ = {isa = PBXBuildFile; fileRef = D3CA4BA216D151DB00BE154A /* Cell@2x.png */; };
		D3D71FA916D8CB0B006FF84E /* MainPage_568.png in Resources */ = {isa = PBXBuildFile; fileRef = D3D71FA716D8CB0B006FF84E /* MainPage_568.png */; };
		D3D71FAA16D8CB0B006FF84E /* MainPage_568@2x.png in Resources */ = {isa = PBXBuildFile; fileRef = D3D71FA816D8CB0B006FF84E /* MainPage_568@2x.png */; };
		D3D71FAD16D8CBD7006FF84E /* MainPage.png in Resources */ = {isa = PBXBuildFile; fileRef = D3D71FAB16D8CBD7006FF84E /* MainPage.png */; };
		D3D71FAE16D8CBD7006FF84E /* MainPage@2x.png in Resources */ = {isa = PBXBuildFile; fileRef = D3D71FAC16D8CBD7006FF84E /* MainPage@2x.png */; };
		D3D71FB116D8D482006FF84E /* arrow.png in Resources */ = {isa = PBXBuildFile; fileRef = D3D71FAF16D8D482006FF84E /* arrow.png */; };
		D3D71FB216D8D482006FF84E /* arrow@2x.png in Resources */ = {isa = PBXBuildFile; fileRef = D3D71FB016D8D482006FF84E /* arrow@2x.png */; };
		D3D71FB616D8DA44006FF84E /* logout.png in Resources */ = {isa = PBXBuildFile; fileRef = D3D71FB416D8DA44006FF84E /* logout.png */; };
		D3D71FB716D8DA44006FF84E /* logout@2x.png in Resources */ = {isa = PBXBuildFile; fileRef = D3D71FB516D8DA44006FF84E /* logout@2x.png */; };
		D3F3233D16CE793A006318E2 /* UIKit.framework in Frameworks */ = {isa = PBXBuildFile; fileRef = D3F3233C16CE793A006318E2 /* UIKit.framework */; };
		D3F3233F16CE793A006318E2 /* Foundation.framework in Frameworks */ = {isa = PBXBuildFile; fileRef = D3F3233E16CE793A006318E2 /* Foundation.framework */; };
		D3F3234116CE793A006318E2 /* CoreGraphics.framework in Frameworks */ = {isa = PBXBuildFile; fileRef = D3F3234016CE793A006318E2 /* CoreGraphics.framework */; };
		D3F3234316CE793A006318E2 /* CoreData.framework in Frameworks */ = {isa = PBXBuildFile; fileRef = D3F3234216CE793A006318E2 /* CoreData.framework */; };
		D3F3234916CE793A006318E2 /* InfoPlist.strings in Resources */ = {isa = PBXBuildFile; fileRef = D3F3234716CE793A006318E2 /* InfoPlist.strings */; };
		D3F3234B16CE793A006318E2 /* main.m in Sources */ = {isa = PBXBuildFile; fileRef = D3F3234A16CE793A006318E2 /* main.m */; };
		D3F3234F16CE793A006318E2 /* AppDelegate.m in Sources */ = {isa = PBXBuildFile; fileRef = D3F3234E16CE793A006318E2 /* AppDelegate.m */; };
		D3F3235116CE793A006318E2 /* Default.png in Resources */ = {isa = PBXBuildFile; fileRef = D3F3235016CE793A006318E2 /* Default.png */; };
		D3F3235316CE793A006318E2 /* Default@2x.png in Resources */ = {isa = PBXBuildFile; fileRef = D3F3235216CE793A006318E2 /* Default@2x.png */; };
		D3F3235516CE793A006318E2 /* Default-568h@2x.png in Resources */ = {isa = PBXBuildFile; fileRef = D3F3235416CE793A006318E2 /* Default-568h@2x.png */; };
		D3F3235816CE793A006318E2 /* PicsTagger.xcdatamodeld in Sources */ = {isa = PBXBuildFile; fileRef = D3F3235616CE793A006318E2 /* PicsTagger.xcdatamodeld */; };
		D3F3236216CE79BE006318E2 /* Storyboard.storyboard in Resources */ = {isa = PBXBuildFile; fileRef = D3F3236116CE79BE006318E2 /* Storyboard.storyboard */; };
		D3F3236A16CE7CAF006318E2 /* MainViewController.m in Sources */ = {isa = PBXBuildFile; fileRef = D3F3236916CE7CAF006318E2 /* MainViewController.m */; };
		D3F3238516CEF535006318E2 /* TutorialViewController.m in Sources */ = {isa = PBXBuildFile; fileRef = D3F3238416CEF535006318E2 /* TutorialViewController.m */; };
/* End PBXBuildFile section */

/* Begin PBXContainerItemProxy section */
		D356BF9516D28C750051D529 /* PBXContainerItemProxy */ = {
			isa = PBXContainerItemProxy;
			containerPortal = D356BF8F16D28C740051D529 /* TapkuLibrary.xcodeproj */;
			proxyType = 2;
			remoteGlobalIDString = D2AAC07E0554694100DB518D;
			remoteInfo = TapkuLibrary;
		};
		D356BF9716D28C750051D529 /* PBXContainerItemProxy */ = {
			isa = PBXContainerItemProxy;
			containerPortal = D356BF8F16D28C740051D529 /* TapkuLibrary.xcodeproj */;
			proxyType = 2;
			remoteGlobalIDString = 3B45DDF1134C736600D24C1A;
			remoteInfo = LogicTests;
		};
		D356BF9916D28D1F0051D529 /* PBXContainerItemProxy */ = {
			isa = PBXContainerItemProxy;
			containerPortal = D356BF8F16D28C740051D529 /* TapkuLibrary.xcodeproj */;
			proxyType = 1;
			remoteGlobalIDString = D2AAC07D0554694100DB518D;
			remoteInfo = TapkuLibrary;
		};
/* End PBXContainerItemProxy section */

/* Begin PBXFileReference section */
		D3468B5D16E2061000FD4859 /* ProfileDetail@2x.png */ = {isa = PBXFileReference; lastKnownFileType = image.png; path = "ProfileDetail@2x.png"; sourceTree = "<group>"; };
		D3468B5E16E2061000FD4859 /* ProfileDetail_568.png */ = {isa = PBXFileReference; lastKnownFileType = image.png; path = ProfileDetail_568.png; sourceTree = "<group>"; };
		D3468B5F16E2061000FD4859 /* ProfileDetail_568@2x.png */ = {isa = PBXFileReference; lastKnownFileType = image.png; path = "ProfileDetail_568@2x.png"; sourceTree = "<group>"; };
		D3468B6016E2061000FD4859 /* ProfileDetail.png */ = {isa = PBXFileReference; lastKnownFileType = image.png; path = ProfileDetail.png; sourceTree = "<group>"; };
		D3468B6916E20AFF00FD4859 /* Profile.png */ = {isa = PBXFileReference; lastKnownFileType = image.png; path = Profile.png; sourceTree = "<group>"; };
		D3468B6A16E20AFF00FD4859 /* Profile@2x.png */ = {isa = PBXFileReference; lastKnownFileType = image.png; path = "Profile@2x.png"; sourceTree = "<group>"; };
		D3468B6D16E20B2A00FD4859 /* Friends.png */ = {isa = PBXFileReference; lastKnownFileType = image.png; path = Friends.png; sourceTree = "<group>"; };
		D3468B6E16E20B2A00FD4859 /* Friends@2x.png */ = {isa = PBXFileReference; lastKnownFileType = image.png; path = "Friends@2x.png"; sourceTree = "<group>"; };
		D3468B7116E20C6500FD4859 /* star.png */ = {isa = PBXFileReference; lastKnownFileType = image.png; path = star.png; sourceTree = "<group>"; };
		D3468B7216E20C6500FD4859 /* star@2x.png */ = {isa = PBXFileReference; lastKnownFileType = image.png; path = "star@2x.png"; sourceTree = "<group>"; };
		D3468B7516E20CAA00FD4859 /* Info.png */ = {isa = PBXFileReference; lastKnownFileType = image.png; path = Info.png; sourceTree = "<group>"; };
		D3468B7616E20CAA00FD4859 /* Info@2x.png */ = {isa = PBXFileReference; lastKnownFileType = image.png; path = "Info@2x.png"; sourceTree = "<group>"; };
		D3468B7916E20EAA00FD4859 /* logOutBtn.png */ = {isa = PBXFileReference; lastKnownFileType = image.png; path = logOutBtn.png; sourceTree = "<group>"; };
		D3468B7A16E20EAA00FD4859 /* logOutBtn@2x.png */ = {isa = PBXFileReference; lastKnownFileType = image.png; path = "logOutBtn@2x.png"; sourceTree = "<group>"; };
		D3468B7D16E2148F00FD4859 /* lines.png */ = {isa = PBXFileReference; lastKnownFileType = image.png; path = lines.png; sourceTree = "<group>"; };
		D3468B7E16E2148F00FD4859 /* lines@2x.png */ = {isa = PBXFileReference; lastKnownFileType = image.png; path = "lines@2x.png"; sourceTree = "<group>"; };
		D3468B8716E2583C00FD4859 /* sent.png */ = {isa = PBXFileReference; lastKnownFileType = image.png; path = sent.png; sourceTree = "<group>"; };
		D3468B8816E2583C00FD4859 /* sent@2x.png */ = {isa = PBXFileReference; lastKnownFileType = image.png; path = "sent@2x.png"; sourceTree = "<group>"; };
		D3468B8D16E258E600FD4859 /* RibbonGreeen.png */ = {isa = PBXFileReference; lastKnownFileType = image.png; path = RibbonGreeen.png; sourceTree = "<group>"; };
		D3468B8E16E258E600FD4859 /* RibbonGreeen@2x.png */ = {isa = PBXFileReference; lastKnownFileType = image.png; path = "RibbonGreeen@2x.png"; sourceTree = "<group>"; };
		D3468B8F16E258E600FD4859 /* RibbonRed.png */ = {isa = PBXFileReference; lastKnownFileType = image.png; path = RibbonRed.png; sourceTree = "<group>"; };
		D3468B9016E258E600FD4859 /* RibbonRed@2x.png */ = {isa = PBXFileReference; lastKnownFileType = image.png; path = "RibbonRed@2x.png"; sourceTree = "<group>"; };
		D3468B9516E25A8100FD4859 /* Savebtn.png */ = {isa = PBXFileReference; lastKnownFileType = image.png; path = Savebtn.png; sourceTree = "<group>"; };
		D3468B9616E25A8100FD4859 /* Savebtn@2x.png */ = {isa = PBXFileReference; lastKnownFileType = image.png; path = "Savebtn@2x.png"; sourceTree = "<group>"; };
		D3468B9916E2615200FD4859 /* SendBtn.png */ = {isa = PBXFileReference; lastKnownFileType = image.png; path = SendBtn.png; sourceTree = "<group>"; };
		D3468B9A16E2615200FD4859 /* SendBtn@2x.png */ = {isa = PBXFileReference; lastKnownFileType = image.png; path = "SendBtn@2x.png"; sourceTree = "<group>"; };
		D356BF8916D234490051D529 /* BundleWrapper.h */ = {isa = PBXFileReference; fileEncoding = 4; lastKnownFileType = sourcecode.c.h; path = BundleWrapper.h; sourceTree = "<group>"; };
		D356BF8A16D234490051D529 /* BundleWrapper.m */ = {isa = PBXFileReference; fileEncoding = 4; lastKnownFileType = sourcecode.c.objc; path = BundleWrapper.m; sourceTree = "<group>"; };
		D356BF8E16D28C740051D529 /* TapkuLibrary.bundle */ = {isa = PBXFileReference; lastKnownFileType = "wrapper.plug-in"; name = TapkuLibrary.bundle; path = ../../../../Documents/tapkulibrary/src/TapkuLibrary.bundle; sourceTree = "<group>"; };
		D356BF8F16D28C740051D529 /* TapkuLibrary.xcodeproj */ = {isa = PBXFileReference; lastKnownFileType = "wrapper.pb-project"; name = TapkuLibrary.xcodeproj; path = ../../../../Documents/tapkulibrary/src/TapkuLibrary.xcodeproj; sourceTree = "<group>"; };
		D356BF9C16D28DAC0051D529 /* MapKit.framework */ = {isa = PBXFileReference; lastKnownFileType = wrapper.framework; name = MapKit.framework; path = System/Library/Frameworks/MapKit.framework; sourceTree = SDKROOT; };
		D356BF9E16D28DB20051D529 /* QuartzCore.framework */ = {isa = PBXFileReference; lastKnownFileType = wrapper.framework; name = QuartzCore.framework; path = System/Library/Frameworks/QuartzCore.framework; sourceTree = SDKROOT; };
		D356BFA516D2CF780051D529 /* EditDetailViewController.h */ = {isa = PBXFileReference; fileEncoding = 4; lastKnownFileType = sourcecode.c.h; path = EditDetailViewController.h; sourceTree = "<group>"; };
		D356BFA616D2CF780051D529 /* EditDetailViewController.m */ = {isa = PBXFileReference; fileEncoding = 4; lastKnownFileType = sourcecode.c.objc; path = EditDetailViewController.m; sourceTree = "<group>"; };
		D356BFAC16D2D6130051D529 /* EditDetail_568.jpg */ = {isa = PBXFileReference; lastKnownFileType = image.jpeg; path = EditDetail_568.jpg; sourceTree = "<group>"; };
		D356BFAD16D2D6130051D529 /* EditDetail_568@2x.jpg */ = {isa = PBXFileReference; lastKnownFileType = image.jpeg; path = "EditDetail_568@2x.jpg"; sourceTree = "<group>"; };
		D356BFB516D2F1630051D529 /* AddressBook.framework */ = {isa = PBXFileReference; lastKnownFileType = wrapper.framework; name = AddressBook.framework; path = System/Library/Frameworks/AddressBook.framework; sourceTree = SDKROOT; };
		D356BFB716D2F16A0051D529 /* AddressBookUI.framework */ = {isa = PBXFileReference; lastKnownFileType = wrapper.framework; name = AddressBookUI.framework; path = System/Library/Frameworks/AddressBookUI.framework; sourceTree = SDKROOT; };
		D36F667316D17C110018C072 /* Tutorial0_568.jpg */ = {isa = PBXFileReference; lastKnownFileType = image.jpeg; path = Tutorial0_568.jpg; sourceTree = "<group>"; };
		D36F667416D17C110018C072 /* Tutorial0_568@2x.jpg */ = {isa = PBXFileReference; lastKnownFileType = image.jpeg; path = "Tutorial0_568@2x.jpg"; sourceTree = "<group>"; };
		D36F667C16D17EAC0018C072 /* history_button.jpg */ = {isa = PBXFileReference; lastKnownFileType = image.jpeg; path = history_button.jpg; sourceTree = "<group>"; };
		D36F667D16D17EAC0018C072 /* history_button@2x.jpg */ = {isa = PBXFileReference; lastKnownFileType = image.jpeg; path = "history_button@2x.jpg"; sourceTree = "<group>"; };
		D36F668016D180810018C072 /* profile.jpg */ = {isa = PBXFileReference; lastKnownFileType = image.jpeg; path = profile.jpg; sourceTree = "<group>"; };
		D36F668116D180810018C072 /* profile@2x.jpg */ = {isa = PBXFileReference; lastKnownFileType = image.jpeg; path = "profile@2x.jpg"; sourceTree = "<group>"; };
		D36F669416D1941C0018C072 /* icon.png */ = {isa = PBXFileReference; lastKnownFileType = image.png; path = icon.png; sourceTree = "<group>"; };
		D36F669616D194200018C072 /* icon@2x.png */ = {isa = PBXFileReference; lastKnownFileType = image.png; path = "icon@2x.png"; sourceTree = "<group>"; };
		D376877816D4CFF000D988F6 /* TrackDetail.h */ = {isa = PBXFileReference; fileEncoding = 4; lastKnownFileType = sourcecode.c.h; path = TrackDetail.h; sourceTree = "<group>"; };
		D376877916D4CFF000D988F6 /* TrackDetail.m */ = {isa = PBXFileReference; fileEncoding = 4; lastKnownFileType = sourcecode.c.objc; path = TrackDetail.m; sourceTree = "<group>"; };
		D376877B16D4D8F300D988F6 /* MapRouteLayer.h */ = {isa = PBXFileReference; fileEncoding = 4; lastKnownFileType = sourcecode.c.h; path = MapRouteLayer.h; sourceTree = "<group>"; };
		D376877C16D4D8F400D988F6 /* MapRouteLayer.m */ = {isa = PBXFileReference; fileEncoding = 4; lastKnownFileType = sourcecode.c.objc; path = MapRouteLayer.m; sourceTree = "<group>"; };
		D39FD37516D8FA2500C9DAAC /* Social.framework */ = {isa = PBXFileReference; lastKnownFileType = wrapper.framework; name = Social.framework; path = System/Library/Frameworks/Social.framework; sourceTree = SDKROOT; };
		D39FD37716D8FA2C00C9DAAC /* Accounts.framework */ = {isa = PBXFileReference; lastKnownFileType = wrapper.framework; name = Accounts.framework; path = System/Library/Frameworks/Accounts.framework; sourceTree = SDKROOT; };
		D39FD37916D9016000C9DAAC /* TutorialSynchTime_568.png */ = {isa = PBXFileReference; lastKnownFileType = image.png; path = TutorialSynchTime_568.png; sourceTree = "<group>"; };
		D39FD37D16D9019E00C9DAAC /* TutorialSynchTime.png */ = {isa = PBXFileReference; lastKnownFileType = image.png; path = TutorialSynchTime.png; sourceTree = "<group>"; };
		D39FD38116D903E900C9DAAC /* TutorialSynchTime@2x.png */ = {isa = PBXFileReference; lastKnownFileType = image.png; path = "TutorialSynchTime@2x.png"; sourceTree = "<group>"; };
		D39FD38316D903F800C9DAAC /* TutorialSynchTime_568@2x.png */ = {isa = PBXFileReference; lastKnownFileType = image.png; path = "TutorialSynchTime_568@2x.png"; sourceTree = "<group>"; };
		D39FD38516D904E000C9DAAC /* Tutorial6.png */ = {isa = PBXFileReference; lastKnownFileType = image.png; path = Tutorial6.png; sourceTree = "<group>"; };
		D39FD38616D904E000C9DAAC /* Tutorial6@2x.png */ = {isa = PBXFileReference; lastKnownFileType = image.png; path = "Tutorial6@2x.png"; sourceTree = "<group>"; };
		D39FD38916D904E900C9DAAC /* Tutorial6_568.png */ = {isa = PBXFileReference; lastKnownFileType = image.png; path = Tutorial6_568.png; sourceTree = "<group>"; };
		D39FD38A16D904E900C9DAAC /* Tutorial6_568@2x.png */ = {isa = PBXFileReference; lastKnownFileType = image.png; path = "Tutorial6_568@2x.png"; sourceTree = "<group>"; };
		D39FD39516D92E2D00C9DAAC /* Tutorial1_568.jpg */ = {isa = PBXFileReference; lastKnownFileType = image.jpeg; path = Tutorial1_568.jpg; sourceTree = "<group>"; };
		D39FD39616D92E2D00C9DAAC /* Tutorial1_568@2x.jpg */ = {isa = PBXFileReference; lastKnownFileType = image.jpeg; path = "Tutorial1_568@2x.jpg"; sourceTree = "<group>"; };
		D39FD39916D92F6900C9DAAC /* Tutorial0.png */ = {isa = PBXFileReference; lastKnownFileType = image.png; path = Tutorial0.png; sourceTree = "<group>"; };
		D39FD39A16D92F6B00C9DAAC /* Tutorial0@2x.png */ = {isa = PBXFileReference; lastKnownFileType = image.png; path = "Tutorial0@2x.png"; sourceTree = "<group>"; };
		D39FD39D16D9309D00C9DAAC /* Tutorial4.png */ = {isa = PBXFileReference; lastKnownFileType = image.png; path = Tutorial4.png; sourceTree = "<group>"; };
		D39FD39E16D9309D00C9DAAC /* Tutorial4@2x.png */ = {isa = PBXFileReference; lastKnownFileType = image.png; path = "Tutorial4@2x.png"; sourceTree = "<group>"; };
		D39FD3A316D9346A00C9DAAC /* btnStart.png */ = {isa = PBXFileReference; lastKnownFileType = image.png; path = btnStart.png; sourceTree = "<group>"; };
		D3C0D9E416D78CE20095BAB5 /* MapstartBtn.png */ = {isa = PBXFileReference; lastKnownFileType = image.png; path = MapstartBtn.png; sourceTree = "<group>"; };
		D3C0D9E516D78CE20095BAB5 /* MapstartBtn@2x.png */ = {isa = PBXFileReference; lastKnownFileType = image.png; path = "MapstartBtn@2x.png"; sourceTree = "<group>"; };
		D3C0D9E616D78CE20095BAB5 /* MapStopBtn.png */ = {isa = PBXFileReference; lastKnownFileType = image.png; path = MapStopBtn.png; sourceTree = "<group>"; };
		D3C0D9E716D78CE20095BAB5 /* MapStopBtn@2x.png */ = {isa = PBXFileReference; lastKnownFileType = image.png; path = "MapStopBtn@2x.png"; sourceTree = "<group>"; };
		D3C0D9EE16D7CC410095BAB5 /* ConnectionHandler.h */ = {isa = PBXFileReference; fileEncoding = 4; lastKnownFileType = sourcecode.c.h; path = ConnectionHandler.h; sourceTree = "<group>"; };
		D3C0D9EF16D7CC410095BAB5 /* ConnectionHandler.m */ = {isa = PBXFileReference; fileEncoding = 4; lastKnownFileType = sourcecode.c.objc; path = ConnectionHandler.m; sourceTree = "<group>"; };
		D3C1C45516D41820004CA283 /* history.jpg */ = {isa = PBXFileReference; lastKnownFileType = image.jpeg; path = history.jpg; sourceTree = "<group>"; };
		D3C1C45616D41820004CA283 /* history@2x.jpg */ = {isa = PBXFileReference; lastKnownFileType = image.jpeg; path = "history@2x.jpg"; sourceTree = "<group>"; };
		D3C1C45E16D4211B004CA283 /* ProfileViewController.h */ = {isa = PBXFileReference; fileEncoding = 4; lastKnownFileType = sourcecode.c.h; path = ProfileViewController.h; sourceTree = "<group>"; };
		D3C1C45F16D4211B004CA283 /* ProfileViewController.m */ = {isa = PBXFileReference; fileEncoding = 4; lastKnownFileType = sourcecode.c.objc; path = ProfileViewController.m; sourceTree = "<group>"; };
		D3C1C46516D430B8004CA283 /* backgroundLoader.png */ = {isa = PBXFileReference; lastKnownFileType = image.png; path = backgroundLoader.png; sourceTree = "<group>"; };
		D3C1C46616D430B9004CA283 /* backgroundLoader@2x.png */ = {isa = PBXFileReference; lastKnownFileType = image.png; path = "backgroundLoader@2x.png"; sourceTree = "<group>"; };
		D3C1C46916D435C5004CA283 /* pauseButton.png */ = {isa = PBXFileReference; lastKnownFileType = image.png; path = pauseButton.png; sourceTree = "<group>"; };
		D3C1C46A16D435C5004CA283 /* pauseButton@2x.png */ = {isa = PBXFileReference; lastKnownFileType = image.png; path = "pauseButton@2x.png"; sourceTree = "<group>"; };
		D3C1C46D16D435F7004CA283 /* play.png */ = {isa = PBXFileReference; lastKnownFileType = image.png; path = play.png; sourceTree = "<group>"; };
		D3C1C46E16D435F7004CA283 /* play@2x.png */ = {isa = PBXFileReference; lastKnownFileType = image.png; path = "play@2x.png"; sourceTree = "<group>"; };
		D3CA4A9216CFA74200BE154A /* LoginController.h */ = {isa = PBXFileReference; fileEncoding = 4; lastKnownFileType = sourcecode.c.h; path = LoginController.h; sourceTree = "<group>"; };
		D3CA4A9316CFA74200BE154A /* LoginController.m */ = {isa = PBXFileReference; fileEncoding = 4; lastKnownFileType = sourcecode.c.objc; path = LoginController.m; sourceTree = "<group>"; };
		D3CA4A9616CFB34500BE154A /* NSObject+SBJson.h */ = {isa = PBXFileReference; fileEncoding = 4; lastKnownFileType = sourcecode.c.h; path = "NSObject+SBJson.h"; sourceTree = "<group>"; };
		D3CA4A9716CFB34500BE154A /* NSObject+SBJson.m */ = {isa = PBXFileReference; fileEncoding = 4; lastKnownFileType = sourcecode.c.objc; path = "NSObject+SBJson.m"; sourceTree = "<group>"; };
		D3CA4A9816CFB34500BE154A /* SBJson.h */ = {isa = PBXFileReference; fileEncoding = 4; lastKnownFileType = sourcecode.c.h; path = SBJson.h; sourceTree = "<group>"; };
		D3CA4A9916CFB34500BE154A /* SBJsonParser.h */ = {isa = PBXFileReference; fileEncoding = 4; lastKnownFileType = sourcecode.c.h; path = SBJsonParser.h; sourceTree = "<group>"; };
		D3CA4A9A16CFB34500BE154A /* SBJsonParser.m */ = {isa = PBXFileReference; fileEncoding = 4; lastKnownFileType = sourcecode.c.objc; path = SBJsonParser.m; sourceTree = "<group>"; };
		D3CA4A9B16CFB34500BE154A /* SBJsonStreamParser.h */ = {isa = PBXFileReference; fileEncoding = 4; lastKnownFileType = sourcecode.c.h; path = SBJsonStreamParser.h; sourceTree = "<group>"; };
		D3CA4A9C16CFB34500BE154A /* SBJsonStreamParser.m */ = {isa = PBXFileReference; fileEncoding = 4; lastKnownFileType = sourcecode.c.objc; path = SBJsonStreamParser.m; sourceTree = "<group>"; };
		D3CA4A9D16CFB34500BE154A /* SBJsonStreamParserAccumulator.h */ = {isa = PBXFileReference; fileEncoding = 4; lastKnownFileType = sourcecode.c.h; path = SBJsonStreamParserAccumulator.h; sourceTree = "<group>"; };
		D3CA4A9E16CFB34500BE154A /* SBJsonStreamParserAccumulator.m */ = {isa = PBXFileReference; fileEncoding = 4; lastKnownFileType = sourcecode.c.objc; path = SBJsonStreamParserAccumulator.m; sourceTree = "<group>"; };
		D3CA4A9F16CFB34500BE154A /* SBJsonStreamParserAdapter.h */ = {isa = PBXFileReference; fileEncoding = 4; lastKnownFileType = sourcecode.c.h; path = SBJsonStreamParserAdapter.h; sourceTree = "<group>"; };
		D3CA4AA016CFB34500BE154A /* SBJsonStreamParserAdapter.m */ = {isa = PBXFileReference; fileEncoding = 4; lastKnownFileType = sourcecode.c.objc; path = SBJsonStreamParserAdapter.m; sourceTree = "<group>"; };
		D3CA4AA116CFB34500BE154A /* SBJsonStreamParserState.h */ = {isa = PBXFileReference; fileEncoding = 4; lastKnownFileType = sourcecode.c.h; path = SBJsonStreamParserState.h; sourceTree = "<group>"; };
		D3CA4AA216CFB34500BE154A /* SBJsonStreamParserState.m */ = {isa = PBXFileReference; fileEncoding = 4; lastKnownFileType = sourcecode.c.objc; path = SBJsonStreamParserState.m; sourceTree = "<group>"; };
		D3CA4AA316CFB34500BE154A /* SBJsonStreamWriter.h */ = {isa = PBXFileReference; fileEncoding = 4; lastKnownFileType = sourcecode.c.h; path = SBJsonStreamWriter.h; sourceTree = "<group>"; };
		D3CA4AA416CFB34600BE154A /* SBJsonStreamWriter.m */ = {isa = PBXFileReference; fileEncoding = 4; lastKnownFileType = sourcecode.c.objc; path = SBJsonStreamWriter.m; sourceTree = "<group>"; };
		D3CA4AA516CFB34600BE154A /* SBJsonStreamWriterAccumulator.h */ = {isa = PBXFileReference; fileEncoding = 4; lastKnownFileType = sourcecode.c.h; path = SBJsonStreamWriterAccumulator.h; sourceTree = "<group>"; };
		D3CA4AA616CFB34600BE154A /* SBJsonStreamWriterAccumulator.m */ = {isa = PBXFileReference; fileEncoding = 4; lastKnownFileType = sourcecode.c.objc; path = SBJsonStreamWriterAccumulator.m; sourceTree = "<group>"; };
		D3CA4AA716CFB34600BE154A /* SBJsonStreamWriterState.h */ = {isa = PBXFileReference; fileEncoding = 4; lastKnownFileType = sourcecode.c.h; path = SBJsonStreamWriterState.h; sourceTree = "<group>"; };
		D3CA4AA816CFB34600BE154A /* SBJsonStreamWriterState.m */ = {isa = PBXFileReference; fileEncoding = 4; lastKnownFileType = sourcecode.c.objc; path = SBJsonStreamWriterState.m; sourceTree = "<group>"; };
		D3CA4AA916CFB34600BE154A /* SBJsonTokeniser.h */ = {isa = PBXFileReference; fileEncoding = 4; lastKnownFileType = sourcecode.c.h; path = SBJsonTokeniser.h; sourceTree = "<group>"; };
		D3CA4AAA16CFB34600BE154A /* SBJsonTokeniser.m */ = {isa = PBXFileReference; fileEncoding = 4; lastKnownFileType = sourcecode.c.objc; path = SBJsonTokeniser.m; sourceTree = "<group>"; };
		D3CA4AAB16CFB34600BE154A /* SBJsonUTF8Stream.h */ = {isa = PBXFileReference; fileEncoding = 4; lastKnownFileType = sourcecode.c.h; path = SBJsonUTF8Stream.h; sourceTree = "<group>"; };
		D3CA4AAC16CFB34600BE154A /* SBJsonUTF8Stream.m */ = {isa = PBXFileReference; fileEncoding = 4; lastKnownFileType = sourcecode.c.objc; path = SBJsonUTF8Stream.m; sourceTree = "<group>"; };
		D3CA4AAD16CFB34600BE154A /* SBJsonWriter.h */ = {isa = PBXFileReference; fileEncoding = 4; lastKnownFileType = sourcecode.c.h; path = SBJsonWriter.h; sourceTree = "<group>"; };
		D3CA4AAE16CFB34600BE154A /* SBJsonWriter.m */ = {isa = PBXFileReference; fileEncoding = 4; lastKnownFileType = sourcecode.c.objc; path = SBJsonWriter.m; sourceTree = "<group>"; };
		D3CA4ABB16CFB3C600BE154A /* Login.h */ = {isa = PBXFileReference; fileEncoding = 4; lastKnownFileType = sourcecode.c.h; path = Login.h; sourceTree = "<group>"; };
		D3CA4ABC16CFB3C700BE154A /* Login.m */ = {isa = PBXFileReference; fileEncoding = 4; lastKnownFileType = sourcecode.c.objc; path = Login.m; sourceTree = "<group>"; };
		D3CA4ABF16CFD07100BE154A /* Tutorial2_568.jpg */ = {isa = PBXFileReference; lastKnownFileType = image.jpeg; path = Tutorial2_568.jpg; sourceTree = "<group>"; };
		D3CA4AC016CFD07100BE154A /* Tutorial2_568@2x.jpg */ = {isa = PBXFileReference; lastKnownFileType = image.jpeg; path = "Tutorial2_568@2x.jpg"; sourceTree = "<group>"; };
		D3CA4AC116CFD07100BE154A /* Tutorial3_568.jpg */ = {isa = PBXFileReference; lastKnownFileType = image.jpeg; path = Tutorial3_568.jpg; sourceTree = "<group>"; };
		D3CA4AC216CFD07100BE154A /* Tutorial3_568@2x.jpg */ = {isa = PBXFileReference; lastKnownFileType = image.jpeg; path = "Tutorial3_568@2x.jpg"; sourceTree = "<group>"; };
		D3CA4AC316CFD07100BE154A /* Tutorial4_568.jpg */ = {isa = PBXFileReference; lastKnownFileType = image.jpeg; path = Tutorial4_568.jpg; sourceTree = "<group>"; };
		D3CA4AC516CFD07100BE154A /* Tutorial4_568@2x.jpg */ = {isa = PBXFileReference; lastKnownFileType = image.jpeg; path = "Tutorial4_568@2x.jpg"; sourceTree = "<group>"; };
		D3CA4ADC16D0050C00BE154A /* geoPic.png */ = {isa = PBXFileReference; lastKnownFileType = image.png; path = geoPic.png; sourceTree = "<group>"; };
		D3CA4ADD16D0050D00BE154A /* geoPic@2x.png */ = {isa = PBXFileReference; lastKnownFileType = image.png; path = "geoPic@2x.png"; sourceTree = "<group>"; };
		D3CA4AEA16D00F8300BE154A /* Tutorial1@2x.jpg */ = {isa = PBXFileReference; lastKnownFileType = image.jpeg; path = "Tutorial1@2x.jpg"; sourceTree = "<group>"; };
		D3CA4AEB16D00F8300BE154A /* Tutorial1.jpg */ = {isa = PBXFileReference; lastKnownFileType = image.jpeg; path = Tutorial1.jpg; sourceTree = "<group>"; };
		D3CA4AEE16D00F9100BE154A /* Tutorial2.jpg */ = {isa = PBXFileReference; lastKnownFileType = image.jpeg; path = Tutorial2.jpg; sourceTree = "<group>"; };
		D3CA4AEF16D00F9100BE154A /* Tutorial2@2x.jpg */ = {isa = PBXFileReference; lastKnownFileType = image.jpeg; path = "Tutorial2@2x.jpg"; sourceTree = "<group>"; };
		D3CA4AF216D00F9B00BE154A /* Tutorial3.jpg */ = {isa = PBXFileReference; lastKnownFileType = image.jpeg; path = Tutorial3.jpg; sourceTree = "<group>"; };
		D3CA4AF316D00F9B00BE154A /* Tutorial3@2x.jpg */ = {isa = PBXFileReference; lastKnownFileType = image.jpeg; path = "Tutorial3@2x.jpg"; sourceTree = "<group>"; };
		D3CA4AFA16D0141B00BE154A /* SplashOnlyImage_568.jpg */ = {isa = PBXFileReference; lastKnownFileType = image.jpeg; path = SplashOnlyImage_568.jpg; sourceTree = "<group>"; };
		D3CA4AFB16D0141B00BE154A /* SplashOnlyImage_568@2x.jpg */ = {isa = PBXFileReference; lastKnownFileType = image.jpeg; path = "SplashOnlyImage_568@2x.jpg"; sourceTree = "<group>"; };
		D3CA4AFC16D0141B00BE154A /* SplashOnlyImage.jpg */ = {isa = PBXFileReference; lastKnownFileType = image.jpeg; path = SplashOnlyImage.jpg; sourceTree = "<group>"; };
		D3CA4AFD16D0141B00BE154A /* SplashOnlyImage@2x.jpg */ = {isa = PBXFileReference; lastKnownFileType = image.jpeg; path = "SplashOnlyImage@2x.jpg"; sourceTree = "<group>"; };
		D3CA4B0216D0152200BE154A /* Tutorial5_568.jpg */ = {isa = PBXFileReference; lastKnownFileType = image.jpeg; path = Tutorial5_568.jpg; sourceTree = "<group>"; };
		D3CA4B0316D0152300BE154A /* Tutorial5_568@2x.jpg */ = {isa = PBXFileReference; lastKnownFileType = image.jpeg; path = "Tutorial5_568@2x.jpg"; sourceTree = "<group>"; };
		D3CA4B0616D0152A00BE154A /* Tutorial5.jpg */ = {isa = PBXFileReference; lastKnownFileType = image.jpeg; path = Tutorial5.jpg; sourceTree = "<group>"; };
		D3CA4B0716D0152A00BE154A /* Tutorial5@2x.jpg */ = {isa = PBXFileReference; lastKnownFileType = image.jpeg; path = "Tutorial5@2x.jpg"; sourceTree = "<group>"; };
		D3CA4B1416D02DB600BE154A /* Tracker.h */ = {isa = PBXFileReference; fileEncoding = 4; lastKnownFileType = sourcecode.c.h; path = Tracker.h; sourceTree = "<group>"; };
		D3CA4B1516D02DB600BE154A /* Tracker.m */ = {isa = PBXFileReference; fileEncoding = 4; lastKnownFileType = sourcecode.c.objc; path = Tracker.m; sourceTree = "<group>"; };
		D3CA4B1716D02ED600BE154A /* CoreLocation.framework */ = {isa = PBXFileReference; lastKnownFileType = wrapper.framework; name = CoreLocation.framework; path = System/Library/Frameworks/CoreLocation.framework; sourceTree = SDKROOT; };
		D3CA4B2216D036B600BE154A /* btnStart@2x.png */ = {isa = PBXFileReference; lastKnownFileType = image.png; path = "btnStart@2x.png"; sourceTree = "<group>"; };
		D3CA4B6316D04D3500BE154A /* DataWrapper.h */ = {isa = PBXFileReference; fileEncoding = 4; lastKnownFileType = sourcecode.c.h; path = DataWrapper.h; sourceTree = "<group>"; };
		D3CA4B6416D04D3500BE154A /* DataWrapper.m */ = {isa = PBXFileReference; fileEncoding = 4; lastKnownFileType = sourcecode.c.objc; path = DataWrapper.m; sourceTree = "<group>"; };
		D3CA4B6616D0792F00BE154A /* MessageUI.framework */ = {isa = PBXFileReference; lastKnownFileType = wrapper.framework; name = MessageUI.framework; path = System/Library/Frameworks/MessageUI.framework; sourceTree = SDKROOT; };
		D3CA4B6816D0ED9400BE154A /* GpxManager.h */ = {isa = PBXFileReference; fileEncoding = 4; lastKnownFileType = sourcecode.c.h; path = GpxManager.h; sourceTree = "<group>"; };
		D3CA4B6916D0ED9400BE154A /* GpxManager.m */ = {isa = PBXFileReference; fileEncoding = 4; lastKnownFileType = sourcecode.c.objc; path = GpxManager.m; sourceTree = "<group>"; };
		D3CA4B6E16D0F01300BE154A /* XMLWriter.h */ = {isa = PBXFileReference; fileEncoding = 4; lastKnownFileType = sourcecode.c.h; path = XMLWriter.h; sourceTree = "<group>"; };
		D3CA4B6F16D0F01300BE154A /* XMLWriter.m */ = {isa = PBXFileReference; fileEncoding = 4; lastKnownFileType = sourcecode.c.objc; path = XMLWriter.m; sourceTree = "<group>"; };
		D3CA4B7516D119DC00BE154A /* HistoryControllerViewController.h */ = {isa = PBXFileReference; fileEncoding = 4; lastKnownFileType = sourcecode.c.h; path = HistoryControllerViewController.h; sourceTree = "<group>"; };
		D3CA4B7616D119DC00BE154A /* HistoryControllerViewController.m */ = {isa = PBXFileReference; fileEncoding = 4; lastKnownFileType = sourcecode.c.objc; path = HistoryControllerViewController.m; sourceTree = "<group>"; };
		D3CA4B7D16D1211500BE154A /* cell_back.png */ = {isa = PBXFileReference; lastKnownFileType = image.png; path = cell_back.png; sourceTree = "<group>"; };
		D3CA4B7E16D1211500BE154A /* cell_back@2x.png */ = {isa = PBXFileReference; lastKnownFileType = image.png; path = "cell_back@2x.png"; sourceTree = "<group>"; };
		D3CA4B8116D127DB00BE154A /* history_568.png */ = {isa = PBXFileReference; lastKnownFileType = image.png; path = history_568.png; sourceTree = "<group>"; };
		D3CA4B8216D127DB00BE154A /* history_568@2x.png */ = {isa = PBXFileReference; lastKnownFileType = image.png; path = "history_568@2x.png"; sourceTree = "<group>"; };
		D3CA4B8916D12C1C00BE154A /* backArrow.png */ = {isa = PBXFileReference; lastKnownFileType = image.png; path = backArrow.png; sourceTree = "<group>"; };
		D3CA4B8A16D12C1C00BE154A /* backArrow@2x.png */ = {isa = PBXFileReference; lastKnownFileType = image.png; path = "backArrow@2x.png"; sourceTree = "<group>"; };
		D3CA4B8D16D1428C00BE154A /* cross.png */ = {isa = PBXFileReference; lastKnownFileType = image.png; path = cross.png; sourceTree = "<group>"; };
		D3CA4B8E16D1428C00BE154A /* cross@2x.png */ = {isa = PBXFileReference; lastKnownFileType = image.png; path = "cross@2x.png"; sourceTree = "<group>"; };
		D3CA4B8F16D1428D00BE154A /* tick.png */ = {isa = PBXFileReference; lastKnownFileType = image.png; path = tick.png; sourceTree = "<group>"; };
		D3CA4B9016D1428D00BE154A /* tick@2x.png */ = {isa = PBXFileReference; lastKnownFileType = image.png; path = "tick@2x.png"; sourceTree = "<group>"; };
		D3CA4BA116D151DB00BE154A /* Cell.png */ = {isa = PBXFileReference; lastKnownFileType = image.png; path = Cell.png; sourceTree = "<group>"; };
		D3CA4BA216D151DB00BE154A /* Cell@2x.png */ = {isa = PBXFileReference; lastKnownFileType = image.png; path = "Cell@2x.png"; sourceTree = "<group>"; };
		D3D71FA716D8CB0B006FF84E /* MainPage_568.png */ = {isa = PBXFileReference; lastKnownFileType = image.png; path = MainPage_568.png; sourceTree = "<group>"; };
		D3D71FA816D8CB0B006FF84E /* MainPage_568@2x.png */ = {isa = PBXFileReference; lastKnownFileType = image.png; path = "MainPage_568@2x.png"; sourceTree = "<group>"; };
		D3D71FAB16D8CBD7006FF84E /* MainPage.png */ = {isa = PBXFileReference; lastKnownFileType = image.png; path = MainPage.png; sourceTree = "<group>"; };
		D3D71FAC16D8CBD7006FF84E /* MainPage@2x.png */ = {isa = PBXFileReference; lastKnownFileType = image.png; path = "MainPage@2x.png"; sourceTree = "<group>"; };
		D3D71FAF16D8D482006FF84E /* arrow.png */ = {isa = PBXFileReference; lastKnownFileType = image.png; path = arrow.png; sourceTree = "<group>"; };
		D3D71FB016D8D482006FF84E /* arrow@2x.png */ = {isa = PBXFileReference; lastKnownFileType = image.png; path = "arrow@2x.png"; sourceTree = "<group>"; };
		D3D71FB416D8DA44006FF84E /* logout.png */ = {isa = PBXFileReference; lastKnownFileType = image.png; path = logout.png; sourceTree = "<group>"; };
		D3D71FB516D8DA44006FF84E /* logout@2x.png */ = {isa = PBXFileReference; lastKnownFileType = image.png; path = "logout@2x.png"; sourceTree = "<group>"; };
		D3F3233916CE793A006318E2 /* GeoPic.app */ = {isa = PBXFileReference; explicitFileType = wrapper.application; includeInIndex = 0; path = GeoPic.app; sourceTree = BUILT_PRODUCTS_DIR; };
		D3F3233C16CE793A006318E2 /* UIKit.framework */ = {isa = PBXFileReference; lastKnownFileType = wrapper.framework; name = UIKit.framework; path = System/Library/Frameworks/UIKit.framework; sourceTree = SDKROOT; };
		D3F3233E16CE793A006318E2 /* Foundation.framework */ = {isa = PBXFileReference; lastKnownFileType = wrapper.framework; name = Foundation.framework; path = System/Library/Frameworks/Foundation.framework; sourceTree = SDKROOT; };
		D3F3234016CE793A006318E2 /* CoreGraphics.framework */ = {isa = PBXFileReference; lastKnownFileType = wrapper.framework; name = CoreGraphics.framework; path = System/Library/Frameworks/CoreGraphics.framework; sourceTree = SDKROOT; };
		D3F3234216CE793A006318E2 /* CoreData.framework */ = {isa = PBXFileReference; lastKnownFileType = wrapper.framework; name = CoreData.framework; path = System/Library/Frameworks/CoreData.framework; sourceTree = SDKROOT; };
		D3F3234616CE793A006318E2 /* PicsTagger-Info.plist */ = {isa = PBXFileReference; lastKnownFileType = text.plist.xml; path = "PicsTagger-Info.plist"; sourceTree = "<group>"; };
		D3F3234816CE793A006318E2 /* en */ = {isa = PBXFileReference; lastKnownFileType = text.plist.strings; name = en; path = en.lproj/InfoPlist.strings; sourceTree = "<group>"; };
		D3F3234A16CE793A006318E2 /* main.m */ = {isa = PBXFileReference; lastKnownFileType = sourcecode.c.objc; path = main.m; sourceTree = "<group>"; };
		D3F3234C16CE793A006318E2 /* PicsTagger-Prefix.pch */ = {isa = PBXFileReference; lastKnownFileType = sourcecode.c.h; path = "PicsTagger-Prefix.pch"; sourceTree = "<group>"; };
		D3F3234D16CE793A006318E2 /* AppDelegate.h */ = {isa = PBXFileReference; lastKnownFileType = sourcecode.c.h; path = AppDelegate.h; sourceTree = "<group>"; };
		D3F3234E16CE793A006318E2 /* AppDelegate.m */ = {isa = PBXFileReference; lastKnownFileType = sourcecode.c.objc; path = AppDelegate.m; sourceTree = "<group>"; };
		D3F3235016CE793A006318E2 /* Default.png */ = {isa = PBXFileReference; lastKnownFileType = image.png; path = Default.png; sourceTree = "<group>"; };
		D3F3235216CE793A006318E2 /* Default@2x.png */ = {isa = PBXFileReference; lastKnownFileType = image.png; path = "Default@2x.png"; sourceTree = "<group>"; };
		D3F3235416CE793A006318E2 /* Default-568h@2x.png */ = {isa = PBXFileReference; lastKnownFileType = image.png; path = "Default-568h@2x.png"; sourceTree = "<group>"; };
		D3F3235716CE793A006318E2 /* PicsTagger.xcdatamodel */ = {isa = PBXFileReference; lastKnownFileType = wrapper.xcdatamodel; path = PicsTagger.xcdatamodel; sourceTree = "<group>"; };
		D3F3236116CE79BE006318E2 /* Storyboard.storyboard */ = {isa = PBXFileReference; fileEncoding = 4; lastKnownFileType = file.storyboard; name = Storyboard.storyboard; path = View/Storyboard.storyboard; sourceTree = "<group>"; };
		D3F3236816CE7CAF006318E2 /* MainViewController.h */ = {isa = PBXFileReference; fileEncoding = 4; lastKnownFileType = sourcecode.c.h; name = MainViewController.h; path = Controller/MainViewController.h; sourceTree = "<group>"; };
		D3F3236916CE7CAF006318E2 /* MainViewController.m */ = {isa = PBXFileReference; fileEncoding = 4; lastKnownFileType = sourcecode.c.objc; name = MainViewController.m; path = Controller/MainViewController.m; sourceTree = "<group>"; };
		D3F3238316CEF534006318E2 /* TutorialViewController.h */ = {isa = PBXFileReference; fileEncoding = 4; lastKnownFileType = sourcecode.c.h; name = TutorialViewController.h; path = Controller/TutorialViewController.h; sourceTree = "<group>"; };
		D3F3238416CEF535006318E2 /* TutorialViewController.m */ = {isa = PBXFileReference; fileEncoding = 4; lastKnownFileType = sourcecode.c.objc; name = TutorialViewController.m; path = Controller/TutorialViewController.m; sourceTree = "<group>"; };
/* End PBXFileReference section */

/* Begin PBXFrameworksBuildPhase section */
		D3F3233616CE793A006318E2 /* Frameworks */ = {
			isa = PBXFrameworksBuildPhase;
			buildActionMask = 2147483647;
			files = (
				D39FD37816D8FA2C00C9DAAC /* Accounts.framework in Frameworks */,
				D39FD37616D8FA2500C9DAAC /* Social.framework in Frameworks */,
				D356BFB816D2F16B0051D529 /* AddressBookUI.framework in Frameworks */,
				D356BFB616D2F1630051D529 /* AddressBook.framework in Frameworks */,
				D3CA4B1816D02ED600BE154A /* CoreLocation.framework in Frameworks */,
				D356BF9F16D28DB20051D529 /* QuartzCore.framework in Frameworks */,
				D356BF9D16D28DAC0051D529 /* MapKit.framework in Frameworks */,
				D356BF9B16D28D990051D529 /* libTapkuLibrary.a in Frameworks */,
				D3CA4B6716D0793000BE154A /* MessageUI.framework in Frameworks */,
				D3F3233D16CE793A006318E2 /* UIKit.framework in Frameworks */,
				D3F3233F16CE793A006318E2 /* Foundation.framework in Frameworks */,
				D3F3234116CE793A006318E2 /* CoreGraphics.framework in Frameworks */,
				D3F3234316CE793A006318E2 /* CoreData.framework in Frameworks */,
			);
			runOnlyForDeploymentPostprocessing = 0;
		};
/* End PBXFrameworksBuildPhase section */

/* Begin PBXGroup section */
		D356BF9016D28C740051D529 /* Products */ = {
			isa = PBXGroup;
			children = (
				D356BF9616D28C750051D529 /* libTapkuLibrary.a */,
				D356BF9816D28C750051D529 /* LogicTests.octest */,
			);
			name = Products;
			sourceTree = "<group>";
		};
		D356BFA316D2CF560051D529 /* EditDetail */ = {
			isa = PBXGroup;
			children = (
				D356BFA516D2CF780051D529 /* EditDetailViewController.h */,
				D356BFA616D2CF780051D529 /* EditDetailViewController.m */,
			);
			name = EditDetail;
			sourceTree = "<group>";
		};
		D36F667716D17DB20018C072 /* MainPage */ = {
			isa = PBXGroup;
			children = (
				D376876C16D4CE3E00D988F6 /* background */,
				D376876916D4CDDA00D988F6 /* history */,
				D376876816D4CDCE00D988F6 /* profile */,
				D376876716D4CDB300D988F6 /* button */,
			);
			name = MainPage;
			sourceTree = "<group>";
		};
		D376876716D4CDB300D988F6 /* button */ = {
			isa = PBXGroup;
			children = (
				D3C1C46516D430B8004CA283 /* backgroundLoader.png */,
				D3C1C46616D430B9004CA283 /* backgroundLoader@2x.png */,
				D3C1C46916D435C5004CA283 /* pauseButton.png */,
				D3C1C46A16D435C5004CA283 /* pauseButton@2x.png */,
				D3C1C46D16D435F7004CA283 /* play.png */,
				D3C1C46E16D435F7004CA283 /* play@2x.png */,
			);
			name = button;
			sourceTree = "<group>";
		};
		D376876816D4CDCE00D988F6 /* profile */ = {
			isa = PBXGroup;
			children = (
				D36F668016D180810018C072 /* profile.jpg */,
				D36F668116D180810018C072 /* profile@2x.jpg */,
			);
			name = profile;
			sourceTree = "<group>";
		};
		D376876916D4CDDA00D988F6 /* history */ = {
			isa = PBXGroup;
			children = (
				D36F667C16D17EAC0018C072 /* history_button.jpg */,
				D36F667D16D17EAC0018C072 /* history_button@2x.jpg */,
			);
			name = history;
			sourceTree = "<group>";
		};
		D376876A16D4CE1200D988F6 /* cell */ = {
			isa = PBXGroup;
			children = (
				D3D71FAF16D8D482006FF84E /* arrow.png */,
				D3D71FB016D8D482006FF84E /* arrow@2x.png */,
				D3CA4BA116D151DB00BE154A /* Cell.png */,
				D3CA4BA216D151DB00BE154A /* Cell@2x.png */,
				D3CA4B7D16D1211500BE154A /* cell_back.png */,
				D3CA4B7E16D1211500BE154A /* cell_back@2x.png */,
				D3CA4B8D16D1428C00BE154A /* cross.png */,
				D3CA4B8E16D1428C00BE154A /* cross@2x.png */,
				D3CA4B8F16D1428D00BE154A /* tick.png */,
				D3CA4B9016D1428D00BE154A /* tick@2x.png */,
			);
			name = cell;
			sourceTree = "<group>";
		};
		D376876B16D4CE2C00D988F6 /* back */ = {
			isa = PBXGroup;
			children = (
				D3CA4B8916D12C1C00BE154A /* backArrow.png */,
				D3CA4B8A16D12C1C00BE154A /* backArrow@2x.png */,
			);
			name = back;
			sourceTree = "<group>";
		};
		D376876C16D4CE3E00D988F6 /* background */ = {
			isa = PBXGroup;
			children = (
				D3D71FA716D8CB0B006FF84E /* MainPage_568.png */,
				D3D71FA816D8CB0B006FF84E /* MainPage_568@2x.png */,
				D3D71FAB16D8CBD7006FF84E /* MainPage.png */,
				D3D71FAC16D8CBD7006FF84E /* MainPage@2x.png */,
			);
			name = background;
			sourceTree = "<group>";
		};
		D376876D16D4CE4C00D988F6 /* background */ = {
			isa = PBXGroup;
			children = (
				D3CA4B8116D127DB00BE154A /* history_568.png */,
				D3CA4B8216D127DB00BE154A /* history_568@2x.png */,
				D3C1C45516D41820004CA283 /* history.jpg */,
				D3C1C45616D41820004CA283 /* history@2x.jpg */,
			);
			name = background;
			sourceTree = "<group>";
		};
		D376876E16D4CE7000D988F6 /* background */ = {
			isa = PBXGroup;
			children = (
				D3CA4AFA16D0141B00BE154A /* SplashOnlyImage_568.jpg */,
				D3CA4AFB16D0141B00BE154A /* SplashOnlyImage_568@2x.jpg */,
				D3CA4AFC16D0141B00BE154A /* SplashOnlyImage.jpg */,
				D3CA4AFD16D0141B00BE154A /* SplashOnlyImage@2x.jpg */,
			);
			name = background;
			sourceTree = "<group>";
		};
		D376876F16D4CE8A00D988F6 /* button */ = {
			isa = PBXGroup;
			children = (
				D39FD3A316D9346A00C9DAAC /* btnStart.png */,
				D3CA4B2216D036B600BE154A /* btnStart@2x.png */,
			);
			name = button;
			sourceTree = "<group>";
		};
		D376877016D4CE9500D988F6 /* appname */ = {
			isa = PBXGroup;
			children = (
				D3CA4ADC16D0050C00BE154A /* geoPic.png */,
				D3CA4ADD16D0050D00BE154A /* geoPic@2x.png */,
			);
			name = appname;
			sourceTree = "<group>";
		};
		D376877116D4CEB900D988F6 /* Profile */ = {
			isa = PBXGroup;
			children = (
				D39FD36716D8F22E00C9DAAC /* buttons */,
				D3D71FB316D8D9FB006FF84E /* logout */,
				D376877216D4CEC000D988F6 /* background */,
			);
			name = Profile;
			sourceTree = "<group>";
		};
		D376877216D4CEC000D988F6 /* background */ = {
			isa = PBXGroup;
			children = (
				D3468B7D16E2148F00FD4859 /* lines.png */,
				D3468B7E16E2148F00FD4859 /* lines@2x.png */,
				D3468B5D16E2061000FD4859 /* ProfileDetail@2x.png */,
				D3468B5E16E2061000FD4859 /* ProfileDetail_568.png */,
				D3468B5F16E2061000FD4859 /* ProfileDetail_568@2x.png */,
				D3468B6016E2061000FD4859 /* ProfileDetail.png */,
			);
			name = background;
			sourceTree = "<group>";
		};
		D376877316D4CED600D988F6 /* EditDetail */ = {
			isa = PBXGroup;
			children = (
				D3468B9916E2615200FD4859 /* SendBtn.png */,
				D3468B9A16E2615200FD4859 /* SendBtn@2x.png */,
				D3468B9516E25A8100FD4859 /* Savebtn.png */,
				D3468B9616E25A8100FD4859 /* Savebtn@2x.png */,
				D3468B8D16E258E600FD4859 /* RibbonGreeen.png */,
				D3468B8E16E258E600FD4859 /* RibbonGreeen@2x.png */,
				D3468B8F16E258E600FD4859 /* RibbonRed.png */,
				D3468B9016E258E600FD4859 /* RibbonRed@2x.png */,
				D3468B8716E2583C00FD4859 /* sent.png */,
				D3468B8816E2583C00FD4859 /* sent@2x.png */,
				D376877416D4CEE200D988F6 /* background */,
			);
			name = EditDetail;
			sourceTree = "<group>";
		};
		D376877416D4CEE200D988F6 /* background */ = {
			isa = PBXGroup;
			children = (
				D356BFAC16D2D6130051D529 /* EditDetail_568.jpg */,
				D356BFAD16D2D6130051D529 /* EditDetail_568@2x.jpg */,
			);
			name = background;
			sourceTree = "<group>";
		};
		D376877516D4CF0000D988F6 /* Tutorial */ = {
			isa = PBXGroup;
			children = (
				D3F3238316CEF534006318E2 /* TutorialViewController.h */,
				D3F3238416CEF535006318E2 /* TutorialViewController.m */,
			);
			name = Tutorial;
			sourceTree = "<group>";
		};
		D376877616D4CF1000D988F6 /* MainPage */ = {
			isa = PBXGroup;
			children = (
				D3F3236816CE7CAF006318E2 /* MainViewController.h */,
				D3F3236916CE7CAF006318E2 /* MainViewController.m */,
			);
			name = MainPage;
			sourceTree = "<group>";
		};
		D376877716D4CFD300D988F6 /* TrackDetail */ = {
			isa = PBXGroup;
			children = (
				D376877816D4CFF000D988F6 /* TrackDetail.h */,
				D376877916D4CFF000D988F6 /* TrackDetail.m */,
			);
			name = TrackDetail;
			sourceTree = "<group>";
		};
		D39FD36716D8F22E00C9DAAC /* buttons */ = {
			isa = PBXGroup;
			children = (
				D3468B7516E20CAA00FD4859 /* Info.png */,
				D3468B7616E20CAA00FD4859 /* Info@2x.png */,
				D3468B7116E20C6500FD4859 /* star.png */,
				D3468B7216E20C6500FD4859 /* star@2x.png */,
				D3468B6916E20AFF00FD4859 /* Profile.png */,
				D3468B6A16E20AFF00FD4859 /* Profile@2x.png */,
				D3468B6D16E20B2A00FD4859 /* Friends.png */,
				D3468B6E16E20B2A00FD4859 /* Friends@2x.png */,
			);
			name = buttons;
			sourceTree = "<group>";
		};
		D3C0D9E316D78CD90095BAB5 /* Map */ = {
			isa = PBXGroup;
			children = (
				D3C0D9E416D78CE20095BAB5 /* MapstartBtn.png */,
				D3C0D9E516D78CE20095BAB5 /* MapstartBtn@2x.png */,
				D3C0D9E616D78CE20095BAB5 /* MapStopBtn.png */,
				D3C0D9E716D78CE20095BAB5 /* MapStopBtn@2x.png */,
			);
			name = Map;
			sourceTree = "<group>";
		};
		D3C0D9EC16D7AC440095BAB5 /* MapTrackLayer */ = {
			isa = PBXGroup;
			children = (
				D376877B16D4D8F300D988F6 /* MapRouteLayer.h */,
				D376877C16D4D8F400D988F6 /* MapRouteLayer.m */,
			);
			name = MapTrackLayer;
			sourceTree = "<group>";
		};
		D3C0D9ED16D7CC0E0095BAB5 /* Connection */ = {
			isa = PBXGroup;
			children = (
				D3C0D9EE16D7CC410095BAB5 /* ConnectionHandler.h */,
				D3C0D9EF16D7CC410095BAB5 /* ConnectionHandler.m */,
			);
			name = Connection;
			sourceTree = "<group>";
		};
		D3C1C45D16D42106004CA283 /* Profile */ = {
			isa = PBXGroup;
			children = (
				D3C1C45E16D4211B004CA283 /* ProfileViewController.h */,
				D3C1C45F16D4211B004CA283 /* ProfileViewController.m */,
			);
			name = Profile;
			sourceTree = "<group>";
		};
		D3CA4A9516CFB31800BE154A /* JSON */ = {
			isa = PBXGroup;
			children = (
				D3CA4A9616CFB34500BE154A /* NSObject+SBJson.h */,
				D3CA4A9716CFB34500BE154A /* NSObject+SBJson.m */,
				D3CA4A9816CFB34500BE154A /* SBJson.h */,
				D3CA4A9916CFB34500BE154A /* SBJsonParser.h */,
				D3CA4A9A16CFB34500BE154A /* SBJsonParser.m */,
				D3CA4A9B16CFB34500BE154A /* SBJsonStreamParser.h */,
				D3CA4A9C16CFB34500BE154A /* SBJsonStreamParser.m */,
				D3CA4A9D16CFB34500BE154A /* SBJsonStreamParserAccumulator.h */,
				D3CA4A9E16CFB34500BE154A /* SBJsonStreamParserAccumulator.m */,
				D3CA4A9F16CFB34500BE154A /* SBJsonStreamParserAdapter.h */,
				D3CA4AA016CFB34500BE154A /* SBJsonStreamParserAdapter.m */,
				D3CA4AA116CFB34500BE154A /* SBJsonStreamParserState.h */,
				D3CA4AA216CFB34500BE154A /* SBJsonStreamParserState.m */,
				D3CA4AA316CFB34500BE154A /* SBJsonStreamWriter.h */,
				D3CA4AA416CFB34600BE154A /* SBJsonStreamWriter.m */,
				D3CA4AA516CFB34600BE154A /* SBJsonStreamWriterAccumulator.h */,
				D3CA4AA616CFB34600BE154A /* SBJsonStreamWriterAccumulator.m */,
				D3CA4AA716CFB34600BE154A /* SBJsonStreamWriterState.h */,
				D3CA4AA816CFB34600BE154A /* SBJsonStreamWriterState.m */,
				D3CA4AA916CFB34600BE154A /* SBJsonTokeniser.h */,
				D3CA4AAA16CFB34600BE154A /* SBJsonTokeniser.m */,
				D3CA4AAB16CFB34600BE154A /* SBJsonUTF8Stream.h */,
				D3CA4AAC16CFB34600BE154A /* SBJsonUTF8Stream.m */,
				D3CA4AAD16CFB34600BE154A /* SBJsonWriter.h */,
				D3CA4AAE16CFB34600BE154A /* SBJsonWriter.m */,
			);
			name = JSON;
			sourceTree = "<group>";
		};
		D3CA4ABE16CFCF7400BE154A /* tutorial_img */ = {
			isa = PBXGroup;
			children = (
				D3CA4AE916D00F5800BE154A /* normal */,
				D3CA4AE816D00F4600BE154A /* 568 */,
			);
			name = tutorial_img;
			sourceTree = "<group>";
		};
		D3CA4AD716CFDE3300BE154A /* Login */ = {
			isa = PBXGroup;
			children = (
				D3CA4ABB16CFB3C600BE154A /* Login.h */,
				D3CA4ABC16CFB3C700BE154A /* Login.m */,
				D3CA4A9216CFA74200BE154A /* LoginController.h */,
				D3CA4A9316CFA74200BE154A /* LoginController.m */,
			);
			name = Login;
			sourceTree = "<group>";
		};
		D3CA4AE816D00F4600BE154A /* 568 */ = {
			isa = PBXGroup;
			children = (
				D36F667316D17C110018C072 /* Tutorial0_568.jpg */,
				D36F667416D17C110018C072 /* Tutorial0_568@2x.jpg */,
				D39FD39516D92E2D00C9DAAC /* Tutorial1_568.jpg */,
				D39FD39616D92E2D00C9DAAC /* Tutorial1_568@2x.jpg */,
				D3CA4ABF16CFD07100BE154A /* Tutorial2_568.jpg */,
				D3CA4AC016CFD07100BE154A /* Tutorial2_568@2x.jpg */,
				D3CA4AC116CFD07100BE154A /* Tutorial3_568.jpg */,
				D3CA4AC216CFD07100BE154A /* Tutorial3_568@2x.jpg */,
				D3CA4AC316CFD07100BE154A /* Tutorial4_568.jpg */,
				D3CA4AC516CFD07100BE154A /* Tutorial4_568@2x.jpg */,
				D3CA4B0616D0152A00BE154A /* Tutorial5.jpg */,
				D3CA4B0716D0152A00BE154A /* Tutorial5@2x.jpg */,
				D39FD37916D9016000C9DAAC /* TutorialSynchTime_568.png */,
				D39FD38316D903F800C9DAAC /* TutorialSynchTime_568@2x.png */,
				D39FD38916D904E900C9DAAC /* Tutorial6_568.png */,
				D39FD38A16D904E900C9DAAC /* Tutorial6_568@2x.png */,
			);
			name = 568;
			sourceTree = "<group>";
		};
		D3CA4AE916D00F5800BE154A /* normal */ = {
			isa = PBXGroup;
			children = (
				D39FD37D16D9019E00C9DAAC /* TutorialSynchTime.png */,
				D39FD38116D903E900C9DAAC /* TutorialSynchTime@2x.png */,
				D39FD39916D92F6900C9DAAC /* Tutorial0.png */,
				D39FD39A16D92F6B00C9DAAC /* Tutorial0@2x.png */,
				D3CA4AEB16D00F8300BE154A /* Tutorial1.jpg */,
				D3CA4AEA16D00F8300BE154A /* Tutorial1@2x.jpg */,
				D3CA4AEE16D00F9100BE154A /* Tutorial2.jpg */,
				D3CA4AEF16D00F9100BE154A /* Tutorial2@2x.jpg */,
				D3CA4AF216D00F9B00BE154A /* Tutorial3.jpg */,
				D3CA4AF316D00F9B00BE154A /* Tutorial3@2x.jpg */,
				D39FD39D16D9309D00C9DAAC /* Tutorial4.png */,
				D39FD39E16D9309D00C9DAAC /* Tutorial4@2x.png */,
				D3CA4B0216D0152200BE154A /* Tutorial5_568.jpg */,
				D3CA4B0316D0152300BE154A /* Tutorial5_568@2x.jpg */,
				D39FD38516D904E000C9DAAC /* Tutorial6.png */,
				D39FD38616D904E000C9DAAC /* Tutorial6@2x.png */,
			);
			name = normal;
			sourceTree = "<group>";
		};
		D3CA4B1216D02D6C00BE154A /* Login_img */ = {
			isa = PBXGroup;
			children = (
				D376877016D4CE9500D988F6 /* appname */,
				D376876F16D4CE8A00D988F6 /* button */,
				D376876E16D4CE7000D988F6 /* background */,
			);
			name = Login_img;
			sourceTree = "<group>";
		};
		D3CA4B1316D02DA000BE154A /* Tracker */ = {
			isa = PBXGroup;
			children = (
				D3CA4B1416D02DB600BE154A /* Tracker.h */,
				D3CA4B1516D02DB600BE154A /* Tracker.m */,
			);
			name = Tracker;
			sourceTree = "<group>";
		};
		D3CA4B7116D10F3600BE154A /* History */ = {
			isa = PBXGroup;
			children = (
				D3CA4B7516D119DC00BE154A /* HistoryControllerViewController.h */,
				D3CA4B7616D119DC00BE154A /* HistoryControllerViewController.m */,
			);
			name = History;
			sourceTree = "<group>";
		};
		D3CA4B7816D11D6500BE154A /* History_img */ = {
			isa = PBXGroup;
			children = (
				D376876D16D4CE4C00D988F6 /* background */,
				D376876B16D4CE2C00D988F6 /* back */,
				D376876A16D4CE1200D988F6 /* cell */,
			);
			name = History_img;
			sourceTree = "<group>";
		};
		D3D71FB316D8D9FB006FF84E /* logout */ = {
			isa = PBXGroup;
			children = (
				D3468B7916E20EAA00FD4859 /* logOutBtn.png */,
				D3468B7A16E20EAA00FD4859 /* logOutBtn@2x.png */,
				D3D71FB416D8DA44006FF84E /* logout.png */,
				D3D71FB516D8DA44006FF84E /* logout@2x.png */,
			);
			name = logout;
			sourceTree = "<group>";
		};
		D3F3233016CE793A006318E2 = {
			isa = PBXGroup;
			children = (
				D39FD37716D8FA2C00C9DAAC /* Accounts.framework */,
				D39FD37516D8FA2500C9DAAC /* Social.framework */,
				D36F669616D194200018C072 /* icon@2x.png */,
				D36F669416D1941C0018C072 /* icon.png */,
				D3F3234416CE793A006318E2 /* PicsTagger */,
				D3F3233B16CE793A006318E2 /* Frameworks */,
				D3F3233A16CE793A006318E2 /* Products */,
			);
			sourceTree = "<group>";
		};
		D3F3233A16CE793A006318E2 /* Products */ = {
			isa = PBXGroup;
			children = (
				D3F3233916CE793A006318E2 /* GeoPic.app */,
			);
			name = Products;
			sourceTree = "<group>";
		};
		D3F3233B16CE793A006318E2 /* Frameworks */ = {
			isa = PBXGroup;
			children = (
				D3F3233C16CE793A006318E2 /* UIKit.framework */,
				D3F3233E16CE793A006318E2 /* Foundation.framework */,
				D3F3234016CE793A006318E2 /* CoreGraphics.framework */,
				D3F3234216CE793A006318E2 /* CoreData.framework */,
				D356BFB716D2F16A0051D529 /* AddressBookUI.framework */,
				D356BFB516D2F1630051D529 /* AddressBook.framework */,
				D356BF9E16D28DB20051D529 /* QuartzCore.framework */,
				D356BF9C16D28DAC0051D529 /* MapKit.framework */,
				D3CA4B6616D0792F00BE154A /* MessageUI.framework */,
				D3CA4B1716D02ED600BE154A /* CoreLocation.framework */,
				D356BF8E16D28C740051D529 /* TapkuLibrary.bundle */,
				D356BF8F16D28C740051D529 /* TapkuLibrary.xcodeproj */,
			);
			name = Frameworks;
			sourceTree = "<group>";
		};
		D3F3234416CE793A006318E2 /* PicsTagger */ = {
			isa = PBXGroup;
			children = (
				D3F3235F16CE7975006318E2 /* Model */,
				D3F3235E16CE796E006318E2 /* View */,
				D3F3236016CE797A006318E2 /* Controller */,
				D3F3234516CE793A006318E2 /* Supporting Files */,
			);
			path = PicsTagger;
			sourceTree = "<group>";
		};
		D3F3234516CE793A006318E2 /* Supporting Files */ = {
			isa = PBXGroup;
			children = (
				D3F3234616CE793A006318E2 /* PicsTagger-Info.plist */,
				D3F3234716CE793A006318E2 /* InfoPlist.strings */,
				D3F3234A16CE793A006318E2 /* main.m */,
				D3F3234C16CE793A006318E2 /* PicsTagger-Prefix.pch */,
				D3F3235016CE793A006318E2 /* Default.png */,
				D3F3235216CE793A006318E2 /* Default@2x.png */,
				D3F3235416CE793A006318E2 /* Default-568h@2x.png */,
			);
			name = "Supporting Files";
			sourceTree = "<group>";
		};
		D3F3235E16CE796E006318E2 /* View */ = {
			isa = PBXGroup;
			children = (
				D3C0D9E316D78CD90095BAB5 /* Map */,
				D376877316D4CED600D988F6 /* EditDetail */,
				D376877116D4CEB900D988F6 /* Profile */,
				D36F667716D17DB20018C072 /* MainPage */,
				D3CA4B7816D11D6500BE154A /* History_img */,
				D3CA4B1216D02D6C00BE154A /* Login_img */,
				D3F3237416CEA7EA006318E2 /* tutorial */,
				D3F3236116CE79BE006318E2 /* Storyboard.storyboard */,
			);
			name = View;
			sourceTree = "<group>";
		};
		D3F3235F16CE7975006318E2 /* Model */ = {
			isa = PBXGroup;
			children = (
				D3F3235616CE793A006318E2 /* PicsTagger.xcdatamodeld */,
				D3CA4B6316D04D3500BE154A /* DataWrapper.h */,
				D3CA4B6416D04D3500BE154A /* DataWrapper.m */,
				D3CA4B6816D0ED9400BE154A /* GpxManager.h */,
				D3CA4B6916D0ED9400BE154A /* GpxManager.m */,
				D3CA4B6E16D0F01300BE154A /* XMLWriter.h */,
				D3CA4B6F16D0F01300BE154A /* XMLWriter.m */,
				D356BF8916D234490051D529 /* BundleWrapper.h */,
				D356BF8A16D234490051D529 /* BundleWrapper.m */,
			);
			name = Model;
			sourceTree = "<group>";
		};
		D3F3236016CE797A006318E2 /* Controller */ = {
			isa = PBXGroup;
			children = (
				D3C0D9ED16D7CC0E0095BAB5 /* Connection */,
				D376877616D4CF1000D988F6 /* MainPage */,
				D3CA4AD716CFDE3300BE154A /* Login */,
				D376877516D4CF0000D988F6 /* Tutorial */,
				D3C1C45D16D42106004CA283 /* Profile */,
				D356BFA316D2CF560051D529 /* EditDetail */,
				D376877716D4CFD300D988F6 /* TrackDetail */,
				D3C0D9EC16D7AC440095BAB5 /* MapTrackLayer */,
				D3CA4B7116D10F3600BE154A /* History */,
				D3CA4B1316D02DA000BE154A /* Tracker */,
				D3CA4A9516CFB31800BE154A /* JSON */,
				D3F3234D16CE793A006318E2 /* AppDelegate.h */,
				D3F3234E16CE793A006318E2 /* AppDelegate.m */,
			);
			name = Controller;
			sourceTree = "<group>";
		};
		D3F3237416CEA7EA006318E2 /* tutorial */ = {
			isa = PBXGroup;
			children = (
				D3CA4ABE16CFCF7400BE154A /* tutorial_img */,
			);
			name = tutorial;
			sourceTree = "<group>";
		};
/* End PBXGroup section */

/* Begin PBXNativeTarget section */
		D3F3233816CE793A006318E2 /* PicsTagger */ = {
			isa = PBXNativeTarget;
			buildConfigurationList = D3F3235B16CE793A006318E2 /* Build configuration list for PBXNativeTarget "PicsTagger" */;
			buildPhases = (
				D3F3233516CE793A006318E2 /* Sources */,
				D3F3233616CE793A006318E2 /* Frameworks */,
				D3F3233716CE793A006318E2 /* Resources */,
			);
			buildRules = (
			);
			dependencies = (
				D356BF9A16D28D1F0051D529 /* PBXTargetDependency */,
			);
			name = PicsTagger;
			productName = PicsTagger;
			productReference = D3F3233916CE793A006318E2 /* GeoPic.app */;
			productType = "com.apple.product-type.application";
		};
/* End PBXNativeTarget section */

/* Begin PBXProject section */
		D3F3233116CE793A006318E2 /* Project object */ = {
			isa = PBXProject;
			attributes = {
				LastUpgradeCheck = 0460;
				ORGANIZATIONNAME = "cappuccino at work";
			};
			buildConfigurationList = D3F3233416CE793A006318E2 /* Build configuration list for PBXProject "PicsTagger" */;
			compatibilityVersion = "Xcode 3.2";
			developmentRegion = English;
			hasScannedForEncodings = 0;
			knownRegions = (
				en,
			);
			mainGroup = D3F3233016CE793A006318E2;
			productRefGroup = D3F3233A16CE793A006318E2 /* Products */;
			projectDirPath = "";
			projectReferences = (
				{
					ProductGroup = D356BF9016D28C740051D529 /* Products */;
					ProjectRef = D356BF8F16D28C740051D529 /* TapkuLibrary.xcodeproj */;
				},
			);
			projectRoot = "";
			targets = (
				D3F3233816CE793A006318E2 /* PicsTagger */,
			);
		};
/* End PBXProject section */

/* Begin PBXReferenceProxy section */
		D356BF9616D28C750051D529 /* libTapkuLibrary.a */ = {
			isa = PBXReferenceProxy;
			fileType = archive.ar;
			path = libTapkuLibrary.a;
			remoteRef = D356BF9516D28C750051D529 /* PBXContainerItemProxy */;
			sourceTree = BUILT_PRODUCTS_DIR;
		};
		D356BF9816D28C750051D529 /* LogicTests.octest */ = {
			isa = PBXReferenceProxy;
			fileType = wrapper.cfbundle;
			path = LogicTests.octest;
			remoteRef = D356BF9716D28C750051D529 /* PBXContainerItemProxy */;
			sourceTree = BUILT_PRODUCTS_DIR;
		};
/* End PBXReferenceProxy section */

/* Begin PBXResourcesBuildPhase section */
		D3F3233716CE793A006318E2 /* Resources */ = {
			isa = PBXResourcesBuildPhase;
			buildActionMask = 2147483647;
			files = (
				D3F3234916CE793A006318E2 /* InfoPlist.strings in Resources */,
				D3F3235116CE793A006318E2 /* Default.png in Resources */,
				D3F3235316CE793A006318E2 /* Default@2x.png in Resources */,
				D3F3235516CE793A006318E2 /* Default-568h@2x.png in Resources */,
				D3F3236216CE79BE006318E2 /* Storyboard.storyboard in Resources */,
				D3CA4AC716CFD07200BE154A /* Tutorial2_568.jpg in Resources */,
				D3CA4AC816CFD07200BE154A /* Tutorial2_568@2x.jpg in Resources */,
				D3CA4AC916CFD07200BE154A /* Tutorial3_568.jpg in Resources */,
				D3CA4ACA16CFD07200BE154A /* Tutorial3_568@2x.jpg in Resources */,
				D3CA4ACB16CFD07200BE154A /* Tutorial4_568.jpg in Resources */,
				D3CA4ACD16CFD07200BE154A /* Tutorial4_568@2x.jpg in Resources */,
				D3CA4ADE16D0050E00BE154A /* geoPic.png in Resources */,
				D3CA4ADF16D0050E00BE154A /* geoPic@2x.png in Resources */,
				D3CA4AEC16D00F8300BE154A /* Tutorial1@2x.jpg in Resources */,
				D3CA4AED16D00F8300BE154A /* Tutorial1.jpg in Resources */,
				D3CA4AF016D00F9100BE154A /* Tutorial2.jpg in Resources */,
				D3CA4AF116D00F9100BE154A /* Tutorial2@2x.jpg in Resources */,
				D3CA4AF416D00F9B00BE154A /* Tutorial3.jpg in Resources */,
				D3CA4AF516D00F9B00BE154A /* Tutorial3@2x.jpg in Resources */,
				D3CA4AFE16D0141B00BE154A /* SplashOnlyImage_568.jpg in Resources */,
				D3CA4AFF16D0141B00BE154A /* SplashOnlyImage_568@2x.jpg in Resources */,
				D3CA4B0016D0141B00BE154A /* SplashOnlyImage.jpg in Resources */,
				D3CA4B0116D0141B00BE154A /* SplashOnlyImage@2x.jpg in Resources */,
				D3CA4B0416D0152300BE154A /* Tutorial5_568.jpg in Resources */,
				D3CA4B0516D0152300BE154A /* Tutorial5_568@2x.jpg in Resources */,
				D3CA4B0816D0152A00BE154A /* Tutorial5.jpg in Resources */,
				D3CA4B0916D0152A00BE154A /* Tutorial5@2x.jpg in Resources */,
				D3CA4B2416D036B600BE154A /* btnStart@2x.png in Resources */,
				D3CA4B7F16D1211500BE154A /* cell_back.png in Resources */,
				D3CA4B8016D1211500BE154A /* cell_back@2x.png in Resources */,
				D3CA4B8316D127DB00BE154A /* history_568.png in Resources */,
				D3CA4B8416D127DB00BE154A /* history_568@2x.png in Resources */,
				D3CA4B8B16D12C1C00BE154A /* backArrow.png in Resources */,
				D3CA4B8C16D12C1C00BE154A /* backArrow@2x.png in Resources */,
				D3CA4B9116D1428D00BE154A /* cross.png in Resources */,
				D3CA4B9216D1428D00BE154A /* cross@2x.png in Resources */,
				D3CA4B9316D1428D00BE154A /* tick.png in Resources */,
				D3CA4B9416D1428D00BE154A /* tick@2x.png in Resources */,
				D3CA4BA316D151DB00BE154A /* Cell.png in Resources */,
				D3CA4BA416D151DB00BE154A /* Cell@2x.png in Resources */,
				D36F667516D17C110018C072 /* Tutorial0_568.jpg in Resources */,
				D36F667616D17C110018C072 /* Tutorial0_568@2x.jpg in Resources */,
				D36F667E16D17EAC0018C072 /* history_button.jpg in Resources */,
				D36F667F16D17EAC0018C072 /* history_button@2x.jpg in Resources */,
				D36F668216D180810018C072 /* profile.jpg in Resources */,
				D36F668316D180810018C072 /* profile@2x.jpg in Resources */,
				D36F669516D1941D0018C072 /* icon.png in Resources */,
				D36F669716D194200018C072 /* icon@2x.png in Resources */,
				D356BF9216D28C740051D529 /* TapkuLibrary.bundle in Resources */,
				D356BFAE16D2D6130051D529 /* EditDetail_568.jpg in Resources */,
				D356BFAF16D2D6130051D529 /* EditDetail_568@2x.jpg in Resources */,
				D3C1C45716D41820004CA283 /* history.jpg in Resources */,
				D3C1C45816D41820004CA283 /* history@2x.jpg in Resources */,
				D3C1C46716D430B9004CA283 /* backgroundLoader.png in Resources */,
				D3C1C46816D430B9004CA283 /* backgroundLoader@2x.png in Resources */,
				D3C1C46B16D435C6004CA283 /* pauseButton.png in Resources */,
				D3C1C46C16D435C6004CA283 /* pauseButton@2x.png in Resources */,
				D3C1C46F16D435F7004CA283 /* play.png in Resources */,
				D3C1C47016D435F7004CA283 /* play@2x.png in Resources */,
				D3C0D9E816D78CE20095BAB5 /* MapstartBtn.png in Resources */,
				D3C0D9E916D78CE20095BAB5 /* MapstartBtn@2x.png in Resources */,
				D3C0D9EA16D78CE20095BAB5 /* MapStopBtn.png in Resources */,
				D3C0D9EB16D78CE20095BAB5 /* MapStopBtn@2x.png in Resources */,
				D3D71FA916D8CB0B006FF84E /* MainPage_568.png in Resources */,
				D3D71FAA16D8CB0B006FF84E /* MainPage_568@2x.png in Resources */,
				D3D71FAD16D8CBD7006FF84E /* MainPage.png in Resources */,
				D3D71FAE16D8CBD7006FF84E /* MainPage@2x.png in Resources */,
				D3D71FB116D8D482006FF84E /* arrow.png in Resources */,
				D3D71FB216D8D482006FF84E /* arrow@2x.png in Resources */,
				D3D71FB616D8DA44006FF84E /* logout.png in Resources */,
				D3D71FB716D8DA44006FF84E /* logout@2x.png in Resources */,
				D39FD37B16D9016000C9DAAC /* TutorialSynchTime_568.png in Resources */,
				D39FD37F16D9019E00C9DAAC /* TutorialSynchTime.png in Resources */,
				D39FD38216D903E900C9DAAC /* TutorialSynchTime@2x.png in Resources */,
				D39FD38416D903F800C9DAAC /* TutorialSynchTime_568@2x.png in Resources */,
				D39FD38716D904E000C9DAAC /* Tutorial6.png in Resources */,
				D39FD38816D904E000C9DAAC /* Tutorial6@2x.png in Resources */,
				D39FD38B16D904E900C9DAAC /* Tutorial6_568.png in Resources */,
				D39FD38C16D904E900C9DAAC /* Tutorial6_568@2x.png in Resources */,
				D39FD39716D92E2D00C9DAAC /* Tutorial1_568.jpg in Resources */,
				D39FD39816D92E2D00C9DAAC /* Tutorial1_568@2x.jpg in Resources */,
				D39FD39B16D92F7200C9DAAC /* Tutorial0.png in Resources */,
				D39FD39C16D92F7200C9DAAC /* Tutorial0@2x.png in Resources */,
				D39FD39F16D9309E00C9DAAC /* Tutorial4.png in Resources */,
				D39FD3A016D9309E00C9DAAC /* Tutorial4@2x.png in Resources */,
				D39FD3A416D9346A00C9DAAC /* btnStart.png in Resources */,
				D3468B6116E2061000FD4859 /* ProfileDetail@2x.png in Resources */,
				D3468B6216E2061000FD4859 /* ProfileDetail_568.png in Resources */,
				D3468B6316E2061000FD4859 /* ProfileDetail_568@2x.png in Resources */,
				D3468B6416E2061000FD4859 /* ProfileDetail.png in Resources */,
				D3468B6B16E20AFF00FD4859 /* Profile.png in Resources */,
				D3468B6C16E20AFF00FD4859 /* Profile@2x.png in Resources */,
				D3468B6F16E20B2A00FD4859 /* Friends.png in Resources */,
				D3468B7016E20B2A00FD4859 /* Friends@2x.png in Resources */,
				D3468B7316E20C6500FD4859 /* star.png in Resources */,
				D3468B7416E20C6500FD4859 /* star@2x.png in Resources */,
				D3468B7716E20CAA00FD4859 /* Info.png in Resources */,
				D3468B7816E20CAA00FD4859 /* Info@2x.png in Resources */,
				D3468B7B16E20EAA00FD4859 /* logOutBtn.png in Resources */,
				D3468B7C16E20EAA00FD4859 /* logOutBtn@2x.png in Resources */,
				D3468B7F16E2148F00FD4859 /* lines.png in Resources */,
				D3468B8016E2148F00FD4859 /* lines@2x.png in Resources */,
				D3468B8B16E2583C00FD4859 /* sent.png in Resources */,
				D3468B8C16E2583C00FD4859 /* sent@2x.png in Resources */,
				D3468B9116E258E600FD4859 /* RibbonGreeen.png in Resources */,
				D3468B9216E258E600FD4859 /* RibbonGreeen@2x.png in Resources */,
				D3468B9316E258E600FD4859 /* RibbonRed.png in Resources */,
				D3468B9416E258E600FD4859 /* RibbonRed@2x.png in Resources */,
				D3468B9716E25A8100FD4859 /* Savebtn.png in Resources */,
				D3468B9816E25A8100FD4859 /* Savebtn@2x.png in Resources */,
				D3468B9B16E2615200FD4859 /* SendBtn.png in Resources */,
				D3468B9C16E2615200FD4859 /* SendBtn@2x.png in Resources */,
			);
			runOnlyForDeploymentPostprocessing = 0;
		};
/* End PBXResourcesBuildPhase section */

/* Begin PBXSourcesBuildPhase section */
		D3F3233516CE793A006318E2 /* Sources */ = {
			isa = PBXSourcesBuildPhase;
			buildActionMask = 2147483647;
			files = (
				D3F3234B16CE793A006318E2 /* main.m in Sources */,
				D3F3234F16CE793A006318E2 /* AppDelegate.m in Sources */,
				D3F3235816CE793A006318E2 /* PicsTagger.xcdatamodeld in Sources */,
				D3F3236A16CE7CAF006318E2 /* MainViewController.m in Sources */,
				D3F3238516CEF535006318E2 /* TutorialViewController.m in Sources */,
				D3CA4A9416CFA74200BE154A /* LoginController.m in Sources */,
				D3CA4AAF16CFB34600BE154A /* NSObject+SBJson.m in Sources */,
				D3CA4AB016CFB34600BE154A /* SBJsonParser.m in Sources */,
				D3CA4AB116CFB34600BE154A /* SBJsonStreamParser.m in Sources */,
				D3CA4AB216CFB34600BE154A /* SBJsonStreamParserAccumulator.m in Sources */,
				D3CA4AB316CFB34600BE154A /* SBJsonStreamParserAdapter.m in Sources */,
				D3CA4AB416CFB34600BE154A /* SBJsonStreamParserState.m in Sources */,
				D3CA4AB516CFB34600BE154A /* SBJsonStreamWriter.m in Sources */,
				D3CA4AB616CFB34600BE154A /* SBJsonStreamWriterAccumulator.m in Sources */,
				D3CA4AB716CFB34600BE154A /* SBJsonStreamWriterState.m in Sources */,
				D3CA4AB816CFB34600BE154A /* SBJsonTokeniser.m in Sources */,
				D3CA4AB916CFB34600BE154A /* SBJsonUTF8Stream.m in Sources */,
				D3CA4ABA16CFB34600BE154A /* SBJsonWriter.m in Sources */,
				D3CA4ABD16CFB3C700BE154A /* Login.m in Sources */,
				D3CA4B1616D02DB600BE154A /* Tracker.m in Sources */,
				D3CA4B6516D04D3500BE154A /* DataWrapper.m in Sources */,
				D3CA4B6A16D0ED9400BE154A /* GpxManager.m in Sources */,
				D3CA4B7016D0F01300BE154A /* XMLWriter.m in Sources */,
				D3CA4B7716D119DC00BE154A /* HistoryControllerViewController.m in Sources */,
				D356BF8B16D234490051D529 /* BundleWrapper.m in Sources */,
				D356BFA716D2CF780051D529 /* EditDetailViewController.m in Sources */,
				D3C1C46016D4211B004CA283 /* ProfileViewController.m in Sources */,
				D376877A16D4CFF000D988F6 /* TrackDetail.m in Sources */,
				D376877D16D4D8F400D988F6 /* MapRouteLayer.m in Sources */,
				D3C0D9F016D7CC410095BAB5 /* ConnectionHandler.m in Sources */,
			);
			runOnlyForDeploymentPostprocessing = 0;
		};
/* End PBXSourcesBuildPhase section */

/* Begin PBXTargetDependency section */
		D356BF9A16D28D1F0051D529 /* PBXTargetDependency */ = {
			isa = PBXTargetDependency;
			name = TapkuLibrary;
			targetProxy = D356BF9916D28D1F0051D529 /* PBXContainerItemProxy */;
		};
/* End PBXTargetDependency section */

/* Begin PBXVariantGroup section */
		D3F3234716CE793A006318E2 /* InfoPlist.strings */ = {
			isa = PBXVariantGroup;
			children = (
				D3F3234816CE793A006318E2 /* en */,
			);
			name = InfoPlist.strings;
			sourceTree = "<group>";
		};
/* End PBXVariantGroup section */

/* Begin XCBuildConfiguration section */
		D3F3235916CE793A006318E2 /* Debug */ = {
			isa = XCBuildConfiguration;
			buildSettings = {
				ALWAYS_SEARCH_USER_PATHS = NO;
				CLANG_CXX_LANGUAGE_STANDARD = "gnu++0x";
				CLANG_CXX_LIBRARY = "libc++";
				CLANG_ENABLE_OBJC_ARC = YES;
				CLANG_WARN_CONSTANT_CONVERSION = YES;
				CLANG_WARN_EMPTY_BODY = YES;
				CLANG_WARN_ENUM_CONVERSION = YES;
				CLANG_WARN_INT_CONVERSION = YES;
				CLANG_WARN__DUPLICATE_METHOD_MATCH = YES;
				"CODE_SIGN_IDENTITY[sdk=iphoneos*]" = "iPhone Developer";
				COPY_PHASE_STRIP = NO;
				GCC_C_LANGUAGE_STANDARD = gnu99;
				GCC_DYNAMIC_NO_PIC = NO;
				GCC_OPTIMIZATION_LEVEL = 0;
				GCC_PREPROCESSOR_DEFINITIONS = (
					"DEBUG=1",
					"$(inherited)",
				);
				GCC_SYMBOLS_PRIVATE_EXTERN = NO;
				GCC_WARN_ABOUT_RETURN_TYPE = YES;
				GCC_WARN_UNINITIALIZED_AUTOS = YES;
				GCC_WARN_UNUSED_VARIABLE = YES;
				IPHONEOS_DEPLOYMENT_TARGET = 6.1;
				ONLY_ACTIVE_ARCH = YES;
				SDKROOT = iphoneos;
			};
			name = Debug;
		};
		D3F3235A16CE793A006318E2 /* Release */ = {
			isa = XCBuildConfiguration;
			buildSettings = {
				ALWAYS_SEARCH_USER_PATHS = NO;
				CLANG_CXX_LANGUAGE_STANDARD = "gnu++0x";
				CLANG_CXX_LIBRARY = "libc++";
				CLANG_ENABLE_OBJC_ARC = YES;
				CLANG_WARN_CONSTANT_CONVERSION = YES;
				CLANG_WARN_EMPTY_BODY = YES;
				CLANG_WARN_ENUM_CONVERSION = YES;
				CLANG_WARN_INT_CONVERSION = YES;
				CLANG_WARN__DUPLICATE_METHOD_MATCH = YES;
				"CODE_SIGN_IDENTITY[sdk=iphoneos*]" = "iPhone Developer";
				COPY_PHASE_STRIP = YES;
				GCC_C_LANGUAGE_STANDARD = gnu99;
				GCC_WARN_ABOUT_RETURN_TYPE = YES;
				GCC_WARN_UNINITIALIZED_AUTOS = YES;
				GCC_WARN_UNUSED_VARIABLE = YES;
				IPHONEOS_DEPLOYMENT_TARGET = 6.1;
				OTHER_CFLAGS = "-DNS_BLOCK_ASSERTIONS=1";
				SDKROOT = iphoneos;
				VALIDATE_PRODUCT = YES;
			};
			name = Release;
		};
		D3F3235C16CE793A006318E2 /* Debug */ = {
			isa = XCBuildConfiguration;
			buildSettings = {
				FRAMEWORK_SEARCH_PATHS = (
					"$(inherited)",
					"\"$(SRCROOT)\"",
				);
				GCC_PRECOMPILE_PREFIX_HEADER = YES;
				GCC_PREFIX_HEADER = "PicsTagger/PicsTagger-Prefix.pch";
				HEADER_SEARCH_PATHS = "\"/Users/alberto/Documents/tapkulibrary/src\"";
				INFOPLIST_FILE = "PicsTagger/PicsTagger-Info.plist";
				IPHONEOS_DEPLOYMENT_TARGET = 5.1;
				LIBRARY_SEARCH_PATHS = (
					"$(inherited)",
					"\"$(SRCROOT)\"",
					"\"$(SRCROOT)/../../../../Downloads/iOS-GPX-Framework-20121218/GPX.framework/Versions/A\"",
				);
				OTHER_LDFLAGS = "-ObjC";
				PRODUCT_NAME = GeoPic;
				WRAPPER_EXTENSION = app;
			};
			name = Debug;
		};
		D3F3235D16CE793A006318E2 /* Release */ = {
			isa = XCBuildConfiguration;
			buildSettings = {
				FRAMEWORK_SEARCH_PATHS = (
					"$(inherited)",
					"\"$(SRCROOT)\"",
				);
				GCC_PRECOMPILE_PREFIX_HEADER = YES;
				GCC_PREFIX_HEADER = "PicsTagger/PicsTagger-Prefix.pch";
				HEADER_SEARCH_PATHS = "\"/Users/alberto/Documents/tapkulibrary/src\"";
				INFOPLIST_FILE = "PicsTagger/PicsTagger-Info.plist";
				IPHONEOS_DEPLOYMENT_TARGET = 5.1;
				LIBRARY_SEARCH_PATHS = (
					"$(inherited)",
					"\"$(SRCROOT)\"",
					"\"$(SRCROOT)/../../../../Downloads/iOS-GPX-Framework-20121218/GPX.framework/Versions/A\"",
				);
				OTHER_LDFLAGS = "-ObjC";
				PRODUCT_NAME = GeoPic;
				WRAPPER_EXTENSION = app;
			};
			name = Release;
		};
/* End XCBuildConfiguration section */

/* Begin XCConfigurationList section */
		D3F3233416CE793A006318E2 /* Build configuration list for PBXProject "PicsTagger" */ = {
			isa = XCConfigurationList;
			buildConfigurations = (
				D3F3235916CE793A006318E2 /* Debug */,
				D3F3235A16CE793A006318E2 /* Release */,
			);
			defaultConfigurationIsVisible = 0;
			defaultConfigurationName = Release;
		};
		D3F3235B16CE793A006318E2 /* Build configuration list for PBXNativeTarget "PicsTagger" */ = {
			isa = XCConfigurationList;
			buildConfigurations = (
				D3F3235C16CE793A006318E2 /* Debug */,
				D3F3235D16CE793A006318E2 /* Release */,
			);
			defaultConfigurationIsVisible = 0;
			defaultConfigurationName = Release;
		};
/* End XCConfigurationList section */

/* Begin XCVersionGroup section */
		D3F3235616CE793A006318E2 /* PicsTagger.xcdatamodeld */ = {
			isa = XCVersionGroup;
			children = (
				D3F3235716CE793A006318E2 /* PicsTagger.xcdatamodel */,
			);
			currentVersion = D3F3235716CE793A006318E2 /* PicsTagger.xcdatamodel */;
			path = PicsTagger.xcdatamodeld;
			sourceTree = "<group>";
			versionGroupType = wrapper.xcdatamodel;
		};
/* End XCVersionGroup section */
	};
	rootObject = D3F3233116CE793A006318E2 /* Project object */;
}
